// !$*UTF8*$!
{
	archiveVersion = 1;
	classes = {
	};
	objectVersion = 56;
	objects = {

/* Begin PBXBuildFile section */
		1D353D4EA42FC1E4880F1DB1 /* Pods_tmbdAPI.framework in Frameworks */ = {isa = PBXBuildFile; fileRef = 6672EE46D35B0F9FD73F0B39 /* Pods_tmbdAPI.framework */; };
		81A3E5FEE214915FEACB4685 /* Pods_tmbdAPI_tmbdAPIUITests.framework in Frameworks */ = {isa = PBXBuildFile; fileRef = 4EA78C128F701F92ECE817CA /* Pods_tmbdAPI_tmbdAPIUITests.framework */; };
		A2E2FEF330133A5D5B9A2E45 /* Pods_tmbdAPITests.framework in Frameworks */ = {isa = PBXBuildFile; fileRef = 0CEBD1338AD4A01EF65595D4 /* Pods_tmbdAPITests.framework */; };
		D1074D7E2A36093300906579 /* AppDelegate.swift in Sources */ = {isa = PBXBuildFile; fileRef = D1074D7D2A36093300906579 /* AppDelegate.swift */; };
		D1074D802A36093300906579 /* SceneDelegate.swift in Sources */ = {isa = PBXBuildFile; fileRef = D1074D7F2A36093300906579 /* SceneDelegate.swift */; };
		D1074D822A36093300906579 /* BaseTabBarController.swift in Sources */ = {isa = PBXBuildFile; fileRef = D1074D812A36093300906579 /* BaseTabBarController.swift */; };
		D1074D852A36093400906579 /* Main.storyboard in Resources */ = {isa = PBXBuildFile; fileRef = D1074D832A36093400906579 /* Main.storyboard */; };
		D1074D882A36093400906579 /* tmbdAPI.xcdatamodeld in Sources */ = {isa = PBXBuildFile; fileRef = D1074D862A36093400906579 /* tmbdAPI.xcdatamodeld */; };
		D1074D8A2A36093500906579 /* Assets.xcassets in Resources */ = {isa = PBXBuildFile; fileRef = D1074D892A36093500906579 /* Assets.xcassets */; };
		D1074D8D2A36093500906579 /* LaunchScreen.storyboard in Resources */ = {isa = PBXBuildFile; fileRef = D1074D8B2A36093500906579 /* LaunchScreen.storyboard */; };
		D1074D982A36093500906579 /* tmbdAPITests.swift in Sources */ = {isa = PBXBuildFile; fileRef = D1074D972A36093500906579 /* tmbdAPITests.swift */; };
		D1074DA22A36093500906579 /* tmbdAPIUITests.swift in Sources */ = {isa = PBXBuildFile; fileRef = D1074DA12A36093500906579 /* tmbdAPIUITests.swift */; };
		D1074DA42A36093500906579 /* tmbdAPIUITestsLaunchTests.swift in Sources */ = {isa = PBXBuildFile; fileRef = D1074DA32A36093500906579 /* tmbdAPIUITestsLaunchTests.swift */; };
		D1074DBA2A38F9AF00906579 /* UpcomingViewController.swift in Sources */ = {isa = PBXBuildFile; fileRef = D1074DB92A38F9AF00906579 /* UpcomingViewController.swift */; };
		D1074DBC2A38F9BB00906579 /* UpcomingViewModel.swift in Sources */ = {isa = PBXBuildFile; fileRef = D1074DBB2A38F9BB00906579 /* UpcomingViewModel.swift */; };
		D1074DBE2A38F9CD00906579 /* DetailsViewController.swift in Sources */ = {isa = PBXBuildFile; fileRef = D1074DBD2A38F9CD00906579 /* DetailsViewController.swift */; };
		D1074DC02A38F9D700906579 /* DetailsViewModel.swift in Sources */ = {isa = PBXBuildFile; fileRef = D1074DBF2A38F9D700906579 /* DetailsViewModel.swift */; };
		D1074DC22A38FC2100906579 /* HomeViewController.swift in Sources */ = {isa = PBXBuildFile; fileRef = D1074DC12A38FC2100906579 /* HomeViewController.swift */; };
		D1074DC42A38FC2B00906579 /* HomeViewModel.swift in Sources */ = {isa = PBXBuildFile; fileRef = D1074DC32A38FC2B00906579 /* HomeViewModel.swift */; };
		D1074DC62A38FC4C00906579 /* FavoritesViewController.swift in Sources */ = {isa = PBXBuildFile; fileRef = D1074DC52A38FC4C00906579 /* FavoritesViewController.swift */; };
		D1074DC82A38FC5800906579 /* FavoritesViewModel.swift in Sources */ = {isa = PBXBuildFile; fileRef = D1074DC72A38FC5800906579 /* FavoritesViewModel.swift */; };
		D1074DCA2A38FFD300906579 /* HomeStoryboard.storyboard in Resources */ = {isa = PBXBuildFile; fileRef = D1074DC92A38FFD300906579 /* HomeStoryboard.storyboard */; };
		D1074DCC2A38FFDD00906579 /* UpcomingStoryboard.storyboard in Resources */ = {isa = PBXBuildFile; fileRef = D1074DCB2A38FFDD00906579 /* UpcomingStoryboard.storyboard */; };
		D1074DCF2A38FFE900906579 /* FavoritesStoryboard.storyboard in Resources */ = {isa = PBXBuildFile; fileRef = D1074DCE2A38FFE900906579 /* FavoritesStoryboard.storyboard */; };
		D1074DD12A38FFF200906579 /* DetailsStoryboard.storyboard in Resources */ = {isa = PBXBuildFile; fileRef = D1074DD02A38FFF200906579 /* DetailsStoryboard.storyboard */; };
		D1074DD52A390DA100906579 /* SearchViewController.swift in Sources */ = {isa = PBXBuildFile; fileRef = D1074DD42A390DA100906579 /* SearchViewController.swift */; };
		D1074DD72A390DAC00906579 /* SearchViewModel.swift in Sources */ = {isa = PBXBuildFile; fileRef = D1074DD62A390DAC00906579 /* SearchViewModel.swift */; };
		D1074DD92A390DB800906579 /* SearchStoryboard.storyboard in Resources */ = {isa = PBXBuildFile; fileRef = D1074DD82A390DB800906579 /* SearchStoryboard.storyboard */; };
		D17BC9442A3913330071B9A2 /* DetailedTableViewCell.swift in Sources */ = {isa = PBXBuildFile; fileRef = D17BC9422A3913330071B9A2 /* DetailedTableViewCell.swift */; };
		D17BC9452A3913330071B9A2 /* DetailedTableViewCell.xib in Resources */ = {isa = PBXBuildFile; fileRef = D17BC9432A3913330071B9A2 /* DetailedTableViewCell.xib */; };
/* End PBXBuildFile section */

/* Begin PBXContainerItemProxy section */
		D1074D942A36093500906579 /* PBXContainerItemProxy */ = {
			isa = PBXContainerItemProxy;
			containerPortal = D1074D722A36093300906579 /* Project object */;
			proxyType = 1;
			remoteGlobalIDString = D1074D792A36093300906579;
			remoteInfo = tmbdAPI;
		};
		D1074D9E2A36093500906579 /* PBXContainerItemProxy */ = {
			isa = PBXContainerItemProxy;
			containerPortal = D1074D722A36093300906579 /* Project object */;
			proxyType = 1;
			remoteGlobalIDString = D1074D792A36093300906579;
			remoteInfo = tmbdAPI;
		};
/* End PBXContainerItemProxy section */

/* Begin PBXFileReference section */
		0CEBD1338AD4A01EF65595D4 /* Pods_tmbdAPITests.framework */ = {isa = PBXFileReference; explicitFileType = wrapper.framework; includeInIndex = 0; path = Pods_tmbdAPITests.framework; sourceTree = BUILT_PRODUCTS_DIR; };
		2FEB8DC1A7E568FD5E450F60 /* Pods-tmbdAPI-tmbdAPIUITests.release.xcconfig */ = {isa = PBXFileReference; includeInIndex = 1; lastKnownFileType = text.xcconfig; name = "Pods-tmbdAPI-tmbdAPIUITests.release.xcconfig"; path = "Target Support Files/Pods-tmbdAPI-tmbdAPIUITests/Pods-tmbdAPI-tmbdAPIUITests.release.xcconfig"; sourceTree = "<group>"; };
		4EA78C128F701F92ECE817CA /* Pods_tmbdAPI_tmbdAPIUITests.framework */ = {isa = PBXFileReference; explicitFileType = wrapper.framework; includeInIndex = 0; path = Pods_tmbdAPI_tmbdAPIUITests.framework; sourceTree = BUILT_PRODUCTS_DIR; };
		555AA9B6BA4090008E6A9078 /* Pods-tmbdAPITests.release.xcconfig */ = {isa = PBXFileReference; includeInIndex = 1; lastKnownFileType = text.xcconfig; name = "Pods-tmbdAPITests.release.xcconfig"; path = "Target Support Files/Pods-tmbdAPITests/Pods-tmbdAPITests.release.xcconfig"; sourceTree = "<group>"; };
		6672EE46D35B0F9FD73F0B39 /* Pods_tmbdAPI.framework */ = {isa = PBXFileReference; explicitFileType = wrapper.framework; includeInIndex = 0; path = Pods_tmbdAPI.framework; sourceTree = BUILT_PRODUCTS_DIR; };
		7C3B5F9AAC379584F3A345BB /* Pods-tmbdAPI.release.xcconfig */ = {isa = PBXFileReference; includeInIndex = 1; lastKnownFileType = text.xcconfig; name = "Pods-tmbdAPI.release.xcconfig"; path = "Target Support Files/Pods-tmbdAPI/Pods-tmbdAPI.release.xcconfig"; sourceTree = "<group>"; };
		C25FC9E60CE6688C9C57ED3A /* Pods-tmbdAPI.debug.xcconfig */ = {isa = PBXFileReference; includeInIndex = 1; lastKnownFileType = text.xcconfig; name = "Pods-tmbdAPI.debug.xcconfig"; path = "Target Support Files/Pods-tmbdAPI/Pods-tmbdAPI.debug.xcconfig"; sourceTree = "<group>"; };
		CDB3C8629D408B83B697541E /* Pods-tmbdAPI-tmbdAPIUITests.debug.xcconfig */ = {isa = PBXFileReference; includeInIndex = 1; lastKnownFileType = text.xcconfig; name = "Pods-tmbdAPI-tmbdAPIUITests.debug.xcconfig"; path = "Target Support Files/Pods-tmbdAPI-tmbdAPIUITests/Pods-tmbdAPI-tmbdAPIUITests.debug.xcconfig"; sourceTree = "<group>"; };
		D1074D7A2A36093300906579 /* tmbdAPI.app */ = {isa = PBXFileReference; explicitFileType = wrapper.application; includeInIndex = 0; path = tmbdAPI.app; sourceTree = BUILT_PRODUCTS_DIR; };
		D1074D7D2A36093300906579 /* AppDelegate.swift */ = {isa = PBXFileReference; lastKnownFileType = sourcecode.swift; path = AppDelegate.swift; sourceTree = "<group>"; };
		D1074D7F2A36093300906579 /* SceneDelegate.swift */ = {isa = PBXFileReference; lastKnownFileType = sourcecode.swift; path = SceneDelegate.swift; sourceTree = "<group>"; };
		D1074D812A36093300906579 /* BaseTabBarController.swift */ = {isa = PBXFileReference; lastKnownFileType = sourcecode.swift; path = BaseTabBarController.swift; sourceTree = "<group>"; };
		D1074D842A36093400906579 /* Base */ = {isa = PBXFileReference; lastKnownFileType = file.storyboard; name = Base; path = Base.lproj/Main.storyboard; sourceTree = "<group>"; };
		D1074D872A36093400906579 /* tmbdAPI.xcdatamodel */ = {isa = PBXFileReference; lastKnownFileType = wrapper.xcdatamodel; path = tmbdAPI.xcdatamodel; sourceTree = "<group>"; };
		D1074D892A36093500906579 /* Assets.xcassets */ = {isa = PBXFileReference; lastKnownFileType = folder.assetcatalog; path = Assets.xcassets; sourceTree = "<group>"; };
		D1074D8C2A36093500906579 /* Base */ = {isa = PBXFileReference; lastKnownFileType = file.storyboard; name = Base; path = Base.lproj/LaunchScreen.storyboard; sourceTree = "<group>"; };
		D1074D8E2A36093500906579 /* Info.plist */ = {isa = PBXFileReference; lastKnownFileType = text.plist.xml; path = Info.plist; sourceTree = "<group>"; };
		D1074D932A36093500906579 /* tmbdAPITests.xctest */ = {isa = PBXFileReference; explicitFileType = wrapper.cfbundle; includeInIndex = 0; path = tmbdAPITests.xctest; sourceTree = BUILT_PRODUCTS_DIR; };
		D1074D972A36093500906579 /* tmbdAPITests.swift */ = {isa = PBXFileReference; lastKnownFileType = sourcecode.swift; path = tmbdAPITests.swift; sourceTree = "<group>"; };
		D1074D9D2A36093500906579 /* tmbdAPIUITests.xctest */ = {isa = PBXFileReference; explicitFileType = wrapper.cfbundle; includeInIndex = 0; path = tmbdAPIUITests.xctest; sourceTree = BUILT_PRODUCTS_DIR; };
		D1074DA12A36093500906579 /* tmbdAPIUITests.swift */ = {isa = PBXFileReference; lastKnownFileType = sourcecode.swift; path = tmbdAPIUITests.swift; sourceTree = "<group>"; };
		D1074DA32A36093500906579 /* tmbdAPIUITestsLaunchTests.swift */ = {isa = PBXFileReference; lastKnownFileType = sourcecode.swift; path = tmbdAPIUITestsLaunchTests.swift; sourceTree = "<group>"; };
		D1074DB92A38F9AF00906579 /* UpcomingViewController.swift */ = {isa = PBXFileReference; lastKnownFileType = sourcecode.swift; path = UpcomingViewController.swift; sourceTree = "<group>"; };
		D1074DBB2A38F9BB00906579 /* UpcomingViewModel.swift */ = {isa = PBXFileReference; lastKnownFileType = sourcecode.swift; path = UpcomingViewModel.swift; sourceTree = "<group>"; };
		D1074DBD2A38F9CD00906579 /* DetailsViewController.swift */ = {isa = PBXFileReference; lastKnownFileType = sourcecode.swift; path = DetailsViewController.swift; sourceTree = "<group>"; };
		D1074DBF2A38F9D700906579 /* DetailsViewModel.swift */ = {isa = PBXFileReference; lastKnownFileType = sourcecode.swift; path = DetailsViewModel.swift; sourceTree = "<group>"; };
		D1074DC12A38FC2100906579 /* HomeViewController.swift */ = {isa = PBXFileReference; lastKnownFileType = sourcecode.swift; path = HomeViewController.swift; sourceTree = "<group>"; };
		D1074DC32A38FC2B00906579 /* HomeViewModel.swift */ = {isa = PBXFileReference; lastKnownFileType = sourcecode.swift; path = HomeViewModel.swift; sourceTree = "<group>"; };
		D1074DC52A38FC4C00906579 /* FavoritesViewController.swift */ = {isa = PBXFileReference; lastKnownFileType = sourcecode.swift; path = FavoritesViewController.swift; sourceTree = "<group>"; };
		D1074DC72A38FC5800906579 /* FavoritesViewModel.swift */ = {isa = PBXFileReference; lastKnownFileType = sourcecode.swift; path = FavoritesViewModel.swift; sourceTree = "<group>"; };
		D1074DC92A38FFD300906579 /* HomeStoryboard.storyboard */ = {isa = PBXFileReference; lastKnownFileType = file.storyboard; path = HomeStoryboard.storyboard; sourceTree = "<group>"; };
		D1074DCB2A38FFDD00906579 /* UpcomingStoryboard.storyboard */ = {isa = PBXFileReference; lastKnownFileType = file.storyboard; path = UpcomingStoryboard.storyboard; sourceTree = "<group>"; };
		D1074DCE2A38FFE900906579 /* FavoritesStoryboard.storyboard */ = {isa = PBXFileReference; lastKnownFileType = file.storyboard; path = FavoritesStoryboard.storyboard; sourceTree = "<group>"; };
		D1074DD02A38FFF200906579 /* DetailsStoryboard.storyboard */ = {isa = PBXFileReference; lastKnownFileType = file.storyboard; path = DetailsStoryboard.storyboard; sourceTree = "<group>"; };
		D1074DD42A390DA100906579 /* SearchViewController.swift */ = {isa = PBXFileReference; lastKnownFileType = sourcecode.swift; path = SearchViewController.swift; sourceTree = "<group>"; };
		D1074DD62A390DAC00906579 /* SearchViewModel.swift */ = {isa = PBXFileReference; lastKnownFileType = sourcecode.swift; path = SearchViewModel.swift; sourceTree = "<group>"; };
		D1074DD82A390DB800906579 /* SearchStoryboard.storyboard */ = {isa = PBXFileReference; lastKnownFileType = file.storyboard; path = SearchStoryboard.storyboard; sourceTree = "<group>"; };
		D17BC9422A3913330071B9A2 /* DetailedTableViewCell.swift */ = {isa = PBXFileReference; lastKnownFileType = sourcecode.swift; path = DetailedTableViewCell.swift; sourceTree = "<group>"; };
		D17BC9432A3913330071B9A2 /* DetailedTableViewCell.xib */ = {isa = PBXFileReference; lastKnownFileType = file.xib; path = DetailedTableViewCell.xib; sourceTree = "<group>"; };
		E3E427E0C7C4F22A5771A8B8 /* Pods-tmbdAPITests.debug.xcconfig */ = {isa = PBXFileReference; includeInIndex = 1; lastKnownFileType = text.xcconfig; name = "Pods-tmbdAPITests.debug.xcconfig"; path = "Target Support Files/Pods-tmbdAPITests/Pods-tmbdAPITests.debug.xcconfig"; sourceTree = "<group>"; };
/* End PBXFileReference section */

/* Begin PBXFrameworksBuildPhase section */
		D1074D772A36093300906579 /* Frameworks */ = {
			isa = PBXFrameworksBuildPhase;
			buildActionMask = 2147483647;
			files = (
				1D353D4EA42FC1E4880F1DB1 /* Pods_tmbdAPI.framework in Frameworks */,
			);
			runOnlyForDeploymentPostprocessing = 0;
		};
		D1074D902A36093500906579 /* Frameworks */ = {
			isa = PBXFrameworksBuildPhase;
			buildActionMask = 2147483647;
			files = (
				A2E2FEF330133A5D5B9A2E45 /* Pods_tmbdAPITests.framework in Frameworks */,
			);
			runOnlyForDeploymentPostprocessing = 0;
		};
		D1074D9A2A36093500906579 /* Frameworks */ = {
			isa = PBXFrameworksBuildPhase;
			buildActionMask = 2147483647;
			files = (
				81A3E5FEE214915FEACB4685 /* Pods_tmbdAPI_tmbdAPIUITests.framework in Frameworks */,
			);
			runOnlyForDeploymentPostprocessing = 0;
		};
/* End PBXFrameworksBuildPhase section */

/* Begin PBXGroup section */
		B0B0A3E17AB44F95894607A1 /* Pods */ = {
			isa = PBXGroup;
			children = (
				C25FC9E60CE6688C9C57ED3A /* Pods-tmbdAPI.debug.xcconfig */,
				7C3B5F9AAC379584F3A345BB /* Pods-tmbdAPI.release.xcconfig */,
				CDB3C8629D408B83B697541E /* Pods-tmbdAPI-tmbdAPIUITests.debug.xcconfig */,
				2FEB8DC1A7E568FD5E450F60 /* Pods-tmbdAPI-tmbdAPIUITests.release.xcconfig */,
				E3E427E0C7C4F22A5771A8B8 /* Pods-tmbdAPITests.debug.xcconfig */,
				555AA9B6BA4090008E6A9078 /* Pods-tmbdAPITests.release.xcconfig */,
			);
			path = Pods;
			sourceTree = "<group>";
		};
		D1074D712A36093300906579 = {
			isa = PBXGroup;
			children = (
				D1074D7C2A36093300906579 /* tmbdAPI */,
				D1074D962A36093500906579 /* tmbdAPITests */,
				D1074DA02A36093500906579 /* tmbdAPIUITests */,
				D1074D7B2A36093300906579 /* Products */,
				B0B0A3E17AB44F95894607A1 /* Pods */,
				EE2ABA9748BC7BB8C944A477 /* Frameworks */,
			);
			sourceTree = "<group>";
		};
		D1074D7B2A36093300906579 /* Products */ = {
			isa = PBXGroup;
			children = (
				D1074D7A2A36093300906579 /* tmbdAPI.app */,
				D1074D932A36093500906579 /* tmbdAPITests.xctest */,
				D1074D9D2A36093500906579 /* tmbdAPIUITests.xctest */,
			);
			name = Products;
			sourceTree = "<group>";
		};
		D1074D7C2A36093300906579 /* tmbdAPI */ = {
			isa = PBXGroup;
			children = (
				D1074DB12A3609C400906579 /* Models */,
				D1074DB02A3609AF00906579 /* Services */,
				D17BC93C2A39126F0071B9A2 /* UI */,
				D1074D7D2A36093300906579 /* AppDelegate.swift */,
				D1074D7F2A36093300906579 /* SceneDelegate.swift */,
				D1074D892A36093500906579 /* Assets.xcassets */,
				D1074D8B2A36093500906579 /* LaunchScreen.storyboard */,
				D1074D8E2A36093500906579 /* Info.plist */,
				D1074D862A36093400906579 /* tmbdAPI.xcdatamodeld */,
			);
			path = tmbdAPI;
			sourceTree = "<group>";
		};
		D1074D962A36093500906579 /* tmbdAPITests */ = {
			isa = PBXGroup;
			children = (
				D1074D972A36093500906579 /* tmbdAPITests.swift */,
			);
			path = tmbdAPITests;
			sourceTree = "<group>";
		};
		D1074DA02A36093500906579 /* tmbdAPIUITests */ = {
			isa = PBXGroup;
			children = (
				D1074DA12A36093500906579 /* tmbdAPIUITests.swift */,
				D1074DA32A36093500906579 /* tmbdAPIUITestsLaunchTests.swift */,
			);
			path = tmbdAPIUITests;
			sourceTree = "<group>";
		};
		D1074DB02A3609AF00906579 /* Services */ = {
			isa = PBXGroup;
			children = (
			);
			path = Services;
			sourceTree = "<group>";
		};
		D1074DB12A3609C400906579 /* Models */ = {
			isa = PBXGroup;
			children = (
			);
			path = Models;
			sourceTree = "<group>";
		};
		D1074DB22A3609CA00906579 /* Controllers */ = {
			isa = PBXGroup;
			children = (
				D1074DB62A360A6000906579 /* Home */,
				D1074DB42A360A3700906579 /* Upcoming */,
				D1074DD32A390D8800906579 /* Search */,
				D1074DB82A360A7500906579 /* Favorite */,
				D1074DB52A360A5400906579 /* Detail */,
				D1074DB32A3609F400906579 /* BaseTabbar */,
			);
			path = Controllers;
			sourceTree = "<group>";
		};
		D1074DB32A3609F400906579 /* BaseTabbar */ = {
			isa = PBXGroup;
			children = (
				D1074D812A36093300906579 /* BaseTabBarController.swift */,
				D1074D832A36093400906579 /* Main.storyboard */,
			);
			path = BaseTabbar;
			sourceTree = "<group>";
		};
		D1074DB42A360A3700906579 /* Upcoming */ = {
			isa = PBXGroup;
			children = (
				D1074DB92A38F9AF00906579 /* UpcomingViewController.swift */,
				D1074DBB2A38F9BB00906579 /* UpcomingViewModel.swift */,
				D1074DCB2A38FFDD00906579 /* UpcomingStoryboard.storyboard */,
			);
			path = Upcoming;
			sourceTree = "<group>";
		};
		D1074DB52A360A5400906579 /* Detail */ = {
			isa = PBXGroup;
			children = (
				D1074DBD2A38F9CD00906579 /* DetailsViewController.swift */,
				D1074DBF2A38F9D700906579 /* DetailsViewModel.swift */,
				D1074DD02A38FFF200906579 /* DetailsStoryboard.storyboard */,
			);
			path = Detail;
			sourceTree = "<group>";
		};
		D1074DB62A360A6000906579 /* Home */ = {
			isa = PBXGroup;
			children = (
				D1074DC12A38FC2100906579 /* HomeViewController.swift */,
				D1074DC32A38FC2B00906579 /* HomeViewModel.swift */,
				D1074DC92A38FFD300906579 /* HomeStoryboard.storyboard */,
			);
			path = Home;
			sourceTree = "<group>";
		};
		D1074DB82A360A7500906579 /* Favorite */ = {
			isa = PBXGroup;
			children = (
				D1074DC52A38FC4C00906579 /* FavoritesViewController.swift */,
				D1074DC72A38FC5800906579 /* FavoritesViewModel.swift */,
				D1074DCE2A38FFE900906579 /* FavoritesStoryboard.storyboard */,
			);
			path = Favorite;
			sourceTree = "<group>";
		};
		D1074DD32A390D8800906579 /* Search */ = {
			isa = PBXGroup;
			children = (
				D1074DD42A390DA100906579 /* SearchViewController.swift */,
				D1074DD62A390DAC00906579 /* SearchViewModel.swift */,
				D1074DD82A390DB800906579 /* SearchStoryboard.storyboard */,
			);
			path = Search;
			sourceTree = "<group>";
		};
		D17BC93B2A3912640071B9A2 /* CustomViews */ = {
			isa = PBXGroup;
			children = (
				D17BC93D2A39127B0071B9A2 /* TableViews */,
				D17BC93E2A3912870071B9A2 /* CollectionViews */,
			);
			path = CustomViews;
			sourceTree = "<group>";
		};
		D17BC93C2A39126F0071B9A2 /* UI */ = {
			isa = PBXGroup;
			children = (
				D1074DB22A3609CA00906579 /* Controllers */,
				D17BC93B2A3912640071B9A2 /* CustomViews */,
			);
			path = UI;
			sourceTree = "<group>";
		};
		D17BC93D2A39127B0071B9A2 /* TableViews */ = {
			isa = PBXGroup;
			children = (
				D17BC9402A3912FA0071B9A2 /* DetailedTableView */,
				D17BC93F2A3912A40071B9A2 /* HomeTableView */,
			);
			path = TableViews;
			sourceTree = "<group>";
		};
		D17BC93E2A3912870071B9A2 /* CollectionViews */ = {
			isa = PBXGroup;
			children = (
				D17BC9412A3913130071B9A2 /* HomeCollectionView */,
			);
			path = CollectionViews;
			sourceTree = "<group>";
		};
		D17BC93F2A3912A40071B9A2 /* HomeTableView */ = {
			isa = PBXGroup;
			children = (
			);
			path = HomeTableView;
			sourceTree = "<group>";
		};
		D17BC9402A3912FA0071B9A2 /* DetailedTableView */ = {
			isa = PBXGroup;
			children = (
				D17BC9422A3913330071B9A2 /* DetailedTableViewCell.swift */,
				D17BC9432A3913330071B9A2 /* DetailedTableViewCell.xib */,
			);
			path = DetailedTableView;
			sourceTree = "<group>";
		};
		D17BC9412A3913130071B9A2 /* HomeCollectionView */ = {
			isa = PBXGroup;
			children = (
			);
			path = HomeCollectionView;
			sourceTree = "<group>";
		};
		EE2ABA9748BC7BB8C944A477 /* Frameworks */ = {
			isa = PBXGroup;
			children = (
				6672EE46D35B0F9FD73F0B39 /* Pods_tmbdAPI.framework */,
				4EA78C128F701F92ECE817CA /* Pods_tmbdAPI_tmbdAPIUITests.framework */,
				0CEBD1338AD4A01EF65595D4 /* Pods_tmbdAPITests.framework */,
			);
			name = Frameworks;
			sourceTree = "<group>";
		};
/* End PBXGroup section */

/* Begin PBXNativeTarget section */
		D1074D792A36093300906579 /* tmbdAPI */ = {
			isa = PBXNativeTarget;
			buildConfigurationList = D1074DA72A36093500906579 /* Build configuration list for PBXNativeTarget "tmbdAPI" */;
			buildPhases = (
				D7EA6EDD79F806ADBB81C9C4 /* [CP] Check Pods Manifest.lock */,
				D1074D762A36093300906579 /* Sources */,
				D1074D772A36093300906579 /* Frameworks */,
				D1074D782A36093300906579 /* Resources */,
			);
			buildRules = (
			);
			dependencies = (
			);
			name = tmbdAPI;
			productName = tmbdAPI;
			productReference = D1074D7A2A36093300906579 /* tmbdAPI.app */;
			productType = "com.apple.product-type.application";
		};
		D1074D922A36093500906579 /* tmbdAPITests */ = {
			isa = PBXNativeTarget;
			buildConfigurationList = D1074DAA2A36093500906579 /* Build configuration list for PBXNativeTarget "tmbdAPITests" */;
			buildPhases = (
				725F9BD65057BFB634CB5E17 /* [CP] Check Pods Manifest.lock */,
				D1074D8F2A36093500906579 /* Sources */,
				D1074D902A36093500906579 /* Frameworks */,
				D1074D912A36093500906579 /* Resources */,
			);
			buildRules = (
			);
			dependencies = (
				D1074D952A36093500906579 /* PBXTargetDependency */,
			);
			name = tmbdAPITests;
			productName = tmbdAPITests;
			productReference = D1074D932A36093500906579 /* tmbdAPITests.xctest */;
			productType = "com.apple.product-type.bundle.unit-test";
		};
		D1074D9C2A36093500906579 /* tmbdAPIUITests */ = {
			isa = PBXNativeTarget;
			buildConfigurationList = D1074DAD2A36093500906579 /* Build configuration list for PBXNativeTarget "tmbdAPIUITests" */;
			buildPhases = (
				CB45D5A672EE12563CEFD118 /* [CP] Check Pods Manifest.lock */,
				D1074D992A36093500906579 /* Sources */,
				D1074D9A2A36093500906579 /* Frameworks */,
				D1074D9B2A36093500906579 /* Resources */,
			);
			buildRules = (
			);
			dependencies = (
				D1074D9F2A36093500906579 /* PBXTargetDependency */,
			);
			name = tmbdAPIUITests;
			productName = tmbdAPIUITests;
			productReference = D1074D9D2A36093500906579 /* tmbdAPIUITests.xctest */;
			productType = "com.apple.product-type.bundle.ui-testing";
		};
/* End PBXNativeTarget section */

/* Begin PBXProject section */
		D1074D722A36093300906579 /* Project object */ = {
			isa = PBXProject;
			attributes = {
				BuildIndependentTargetsInParallel = 1;
				LastSwiftUpdateCheck = 1430;
				LastUpgradeCheck = 1430;
				TargetAttributes = {
					D1074D792A36093300906579 = {
						CreatedOnToolsVersion = 14.3;
					};
					D1074D922A36093500906579 = {
						CreatedOnToolsVersion = 14.3;
						TestTargetID = D1074D792A36093300906579;
					};
					D1074D9C2A36093500906579 = {
						CreatedOnToolsVersion = 14.3;
						TestTargetID = D1074D792A36093300906579;
					};
				};
			};
			buildConfigurationList = D1074D752A36093300906579 /* Build configuration list for PBXProject "tmbdAPI" */;
			compatibilityVersion = "Xcode 14.0";
			developmentRegion = en;
			hasScannedForEncodings = 0;
			knownRegions = (
				en,
				Base,
			);
			mainGroup = D1074D712A36093300906579;
			productRefGroup = D1074D7B2A36093300906579 /* Products */;
			projectDirPath = "";
			projectRoot = "";
			targets = (
				D1074D792A36093300906579 /* tmbdAPI */,
				D1074D922A36093500906579 /* tmbdAPITests */,
				D1074D9C2A36093500906579 /* tmbdAPIUITests */,
			);
		};
/* End PBXProject section */

/* Begin PBXResourcesBuildPhase section */
		D1074D782A36093300906579 /* Resources */ = {
			isa = PBXResourcesBuildPhase;
			buildActionMask = 2147483647;
			files = (
				D1074DCC2A38FFDD00906579 /* UpcomingStoryboard.storyboard in Resources */,
				D1074DD92A390DB800906579 /* SearchStoryboard.storyboard in Resources */,
				D17BC9452A3913330071B9A2 /* DetailedTableViewCell.xib in Resources */,
				D1074DCF2A38FFE900906579 /* FavoritesStoryboard.storyboard in Resources */,
				D1074DD12A38FFF200906579 /* DetailsStoryboard.storyboard in Resources */,
				D1074D8D2A36093500906579 /* LaunchScreen.storyboard in Resources */,
				D1074D8A2A36093500906579 /* Assets.xcassets in Resources */,
				D1074DCA2A38FFD300906579 /* HomeStoryboard.storyboard in Resources */,
				D1074D852A36093400906579 /* Main.storyboard in Resources */,
			);
			runOnlyForDeploymentPostprocessing = 0;
		};
		D1074D912A36093500906579 /* Resources */ = {
			isa = PBXResourcesBuildPhase;
			buildActionMask = 2147483647;
			files = (
			);
			runOnlyForDeploymentPostprocessing = 0;
		};
		D1074D9B2A36093500906579 /* Resources */ = {
			isa = PBXResourcesBuildPhase;
			buildActionMask = 2147483647;
			files = (
			);
			runOnlyForDeploymentPostprocessing = 0;
		};
/* End PBXResourcesBuildPhase section */

/* Begin PBXShellScriptBuildPhase section */
		725F9BD65057BFB634CB5E17 /* [CP] Check Pods Manifest.lock */ = {
			isa = PBXShellScriptBuildPhase;
			buildActionMask = 2147483647;
			files = (
			);
			inputFileListPaths = (
			);
			inputPaths = (
				"${PODS_PODFILE_DIR_PATH}/Podfile.lock",
				"${PODS_ROOT}/Manifest.lock",
			);
			name = "[CP] Check Pods Manifest.lock";
			outputFileListPaths = (
			);
			outputPaths = (
				"$(DERIVED_FILE_DIR)/Pods-tmbdAPITests-checkManifestLockResult.txt",
			);
			runOnlyForDeploymentPostprocessing = 0;
			shellPath = /bin/sh;
			shellScript = "diff \"${PODS_PODFILE_DIR_PATH}/Podfile.lock\" \"${PODS_ROOT}/Manifest.lock\" > /dev/null\nif [ $? != 0 ] ; then\n    # print error to STDERR\n    echo \"error: The sandbox is not in sync with the Podfile.lock. Run 'pod install' or update your CocoaPods installation.\" >&2\n    exit 1\nfi\n# This output is used by Xcode 'outputs' to avoid re-running this script phase.\necho \"SUCCESS\" > \"${SCRIPT_OUTPUT_FILE_0}\"\n";
			showEnvVarsInLog = 0;
		};
		CB45D5A672EE12563CEFD118 /* [CP] Check Pods Manifest.lock */ = {
			isa = PBXShellScriptBuildPhase;
			buildActionMask = 2147483647;
			files = (
			);
			inputFileListPaths = (
			);
			inputPaths = (
				"${PODS_PODFILE_DIR_PATH}/Podfile.lock",
				"${PODS_ROOT}/Manifest.lock",
			);
			name = "[CP] Check Pods Manifest.lock";
			outputFileListPaths = (
			);
			outputPaths = (
				"$(DERIVED_FILE_DIR)/Pods-tmbdAPI-tmbdAPIUITests-checkManifestLockResult.txt",
			);
			runOnlyForDeploymentPostprocessing = 0;
			shellPath = /bin/sh;
			shellScript = "diff \"${PODS_PODFILE_DIR_PATH}/Podfile.lock\" \"${PODS_ROOT}/Manifest.lock\" > /dev/null\nif [ $? != 0 ] ; then\n    # print error to STDERR\n    echo \"error: The sandbox is not in sync with the Podfile.lock. Run 'pod install' or update your CocoaPods installation.\" >&2\n    exit 1\nfi\n# This output is used by Xcode 'outputs' to avoid re-running this script phase.\necho \"SUCCESS\" > \"${SCRIPT_OUTPUT_FILE_0}\"\n";
			showEnvVarsInLog = 0;
		};
		D7EA6EDD79F806ADBB81C9C4 /* [CP] Check Pods Manifest.lock */ = {
			isa = PBXShellScriptBuildPhase;
			buildActionMask = 2147483647;
			files = (
			);
			inputFileListPaths = (
			);
			inputPaths = (
				"${PODS_PODFILE_DIR_PATH}/Podfile.lock",
				"${PODS_ROOT}/Manifest.lock",
			);
			name = "[CP] Check Pods Manifest.lock";
			outputFileListPaths = (
			);
			outputPaths = (
				"$(DERIVED_FILE_DIR)/Pods-tmbdAPI-checkManifestLockResult.txt",
			);
			runOnlyForDeploymentPostprocessing = 0;
			shellPath = /bin/sh;
			shellScript = "diff \"${PODS_PODFILE_DIR_PATH}/Podfile.lock\" \"${PODS_ROOT}/Manifest.lock\" > /dev/null\nif [ $? != 0 ] ; then\n    # print error to STDERR\n    echo \"error: The sandbox is not in sync with the Podfile.lock. Run 'pod install' or update your CocoaPods installation.\" >&2\n    exit 1\nfi\n# This output is used by Xcode 'outputs' to avoid re-running this script phase.\necho \"SUCCESS\" > \"${SCRIPT_OUTPUT_FILE_0}\"\n";
			showEnvVarsInLog = 0;
		};
/* End PBXShellScriptBuildPhase section */

/* Begin PBXSourcesBuildPhase section */
		D1074D762A36093300906579 /* Sources */ = {
			isa = PBXSourcesBuildPhase;
			buildActionMask = 2147483647;
			files = (
				D1074DBC2A38F9BB00906579 /* UpcomingViewModel.swift in Sources */,
				D1074D822A36093300906579 /* BaseTabBarController.swift in Sources */,
				D1074D882A36093400906579 /* tmbdAPI.xcdatamodeld in Sources */,
				D1074DC42A38FC2B00906579 /* HomeViewModel.swift in Sources */,
				D1074D7E2A36093300906579 /* AppDelegate.swift in Sources */,
				D1074DBA2A38F9AF00906579 /* UpcomingViewController.swift in Sources */,
				D1074DC82A38FC5800906579 /* FavoritesViewModel.swift in Sources */,
				D1074DC62A38FC4C00906579 /* FavoritesViewController.swift in Sources */,
				D1074DD72A390DAC00906579 /* SearchViewModel.swift in Sources */,
				D1074DD52A390DA100906579 /* SearchViewController.swift in Sources */,
				D1074DC22A38FC2100906579 /* HomeViewController.swift in Sources */,
				D1074D802A36093300906579 /* SceneDelegate.swift in Sources */,
				D1074DBE2A38F9CD00906579 /* DetailsViewController.swift in Sources */,
				D17BC9442A3913330071B9A2 /* DetailedTableViewCell.swift in Sources */,
				D1074DC02A38F9D700906579 /* DetailsViewModel.swift in Sources */,
			);
			runOnlyForDeploymentPostprocessing = 0;
		};
		D1074D8F2A36093500906579 /* Sources */ = {
			isa = PBXSourcesBuildPhase;
			buildActionMask = 2147483647;
			files = (
				D1074D982A36093500906579 /* tmbdAPITests.swift in Sources */,
			);
			runOnlyForDeploymentPostprocessing = 0;
		};
		D1074D992A36093500906579 /* Sources */ = {
			isa = PBXSourcesBuildPhase;
			buildActionMask = 2147483647;
			files = (
				D1074DA42A36093500906579 /* tmbdAPIUITestsLaunchTests.swift in Sources */,
				D1074DA22A36093500906579 /* tmbdAPIUITests.swift in Sources */,
			);
			runOnlyForDeploymentPostprocessing = 0;
		};
/* End PBXSourcesBuildPhase section */

/* Begin PBXTargetDependency section */
		D1074D952A36093500906579 /* PBXTargetDependency */ = {
			isa = PBXTargetDependency;
			target = D1074D792A36093300906579 /* tmbdAPI */;
			targetProxy = D1074D942A36093500906579 /* PBXContainerItemProxy */;
		};
		D1074D9F2A36093500906579 /* PBXTargetDependency */ = {
			isa = PBXTargetDependency;
			target = D1074D792A36093300906579 /* tmbdAPI */;
			targetProxy = D1074D9E2A36093500906579 /* PBXContainerItemProxy */;
		};
/* End PBXTargetDependency section */

/* Begin PBXVariantGroup section */
		D1074D832A36093400906579 /* Main.storyboard */ = {
			isa = PBXVariantGroup;
			children = (
				D1074D842A36093400906579 /* Base */,
			);
			name = Main.storyboard;
			sourceTree = "<group>";
		};
		D1074D8B2A36093500906579 /* LaunchScreen.storyboard */ = {
			isa = PBXVariantGroup;
			children = (
				D1074D8C2A36093500906579 /* Base */,
			);
			name = LaunchScreen.storyboard;
			sourceTree = "<group>";
		};
/* End PBXVariantGroup section */

/* Begin XCBuildConfiguration section */
		D1074DA52A36093500906579 /* Debug */ = {
			isa = XCBuildConfiguration;
			buildSettings = {
				ALWAYS_SEARCH_USER_PATHS = NO;
				CLANG_ANALYZER_NONNULL = YES;
				CLANG_ANALYZER_NUMBER_OBJECT_CONVERSION = YES_AGGRESSIVE;
				CLANG_CXX_LANGUAGE_STANDARD = "gnu++20";
				CLANG_ENABLE_MODULES = YES;
				CLANG_ENABLE_OBJC_ARC = YES;
				CLANG_ENABLE_OBJC_WEAK = YES;
				CLANG_WARN_BLOCK_CAPTURE_AUTORELEASING = YES;
				CLANG_WARN_BOOL_CONVERSION = YES;
				CLANG_WARN_COMMA = YES;
				CLANG_WARN_CONSTANT_CONVERSION = YES;
				CLANG_WARN_DEPRECATED_OBJC_IMPLEMENTATIONS = YES;
				CLANG_WARN_DIRECT_OBJC_ISA_USAGE = YES_ERROR;
				CLANG_WARN_DOCUMENTATION_COMMENTS = YES;
				CLANG_WARN_EMPTY_BODY = YES;
				CLANG_WARN_ENUM_CONVERSION = YES;
				CLANG_WARN_INFINITE_RECURSION = YES;
				CLANG_WARN_INT_CONVERSION = YES;
				CLANG_WARN_NON_LITERAL_NULL_CONVERSION = YES;
				CLANG_WARN_OBJC_IMPLICIT_RETAIN_SELF = YES;
				CLANG_WARN_OBJC_LITERAL_CONVERSION = YES;
				CLANG_WARN_OBJC_ROOT_CLASS = YES_ERROR;
				CLANG_WARN_QUOTED_INCLUDE_IN_FRAMEWORK_HEADER = YES;
				CLANG_WARN_RANGE_LOOP_ANALYSIS = YES;
				CLANG_WARN_STRICT_PROTOTYPES = YES;
				CLANG_WARN_SUSPICIOUS_MOVE = YES;
				CLANG_WARN_UNGUARDED_AVAILABILITY = YES_AGGRESSIVE;
				CLANG_WARN_UNREACHABLE_CODE = YES;
				CLANG_WARN__DUPLICATE_METHOD_MATCH = YES;
				COPY_PHASE_STRIP = NO;
				DEBUG_INFORMATION_FORMAT = dwarf;
				ENABLE_STRICT_OBJC_MSGSEND = YES;
				ENABLE_TESTABILITY = YES;
				GCC_C_LANGUAGE_STANDARD = gnu11;
				GCC_DYNAMIC_NO_PIC = NO;
				GCC_NO_COMMON_BLOCKS = YES;
				GCC_OPTIMIZATION_LEVEL = 0;
				GCC_PREPROCESSOR_DEFINITIONS = (
					"DEBUG=1",
					"$(inherited)",
				);
				GCC_WARN_64_TO_32_BIT_CONVERSION = YES;
				GCC_WARN_ABOUT_RETURN_TYPE = YES_ERROR;
				GCC_WARN_UNDECLARED_SELECTOR = YES;
				GCC_WARN_UNINITIALIZED_AUTOS = YES_AGGRESSIVE;
				GCC_WARN_UNUSED_FUNCTION = YES;
				GCC_WARN_UNUSED_VARIABLE = YES;
				IPHONEOS_DEPLOYMENT_TARGET = 16.4;
				MTL_ENABLE_DEBUG_INFO = INCLUDE_SOURCE;
				MTL_FAST_MATH = YES;
				ONLY_ACTIVE_ARCH = YES;
				SDKROOT = iphoneos;
				SWIFT_ACTIVE_COMPILATION_CONDITIONS = DEBUG;
				SWIFT_OPTIMIZATION_LEVEL = "-Onone";
			};
			name = Debug;
		};
		D1074DA62A36093500906579 /* Release */ = {
			isa = XCBuildConfiguration;
			buildSettings = {
				ALWAYS_SEARCH_USER_PATHS = NO;
				CLANG_ANALYZER_NONNULL = YES;
				CLANG_ANALYZER_NUMBER_OBJECT_CONVERSION = YES_AGGRESSIVE;
				CLANG_CXX_LANGUAGE_STANDARD = "gnu++20";
				CLANG_ENABLE_MODULES = YES;
				CLANG_ENABLE_OBJC_ARC = YES;
				CLANG_ENABLE_OBJC_WEAK = YES;
				CLANG_WARN_BLOCK_CAPTURE_AUTORELEASING = YES;
				CLANG_WARN_BOOL_CONVERSION = YES;
				CLANG_WARN_COMMA = YES;
				CLANG_WARN_CONSTANT_CONVERSION = YES;
				CLANG_WARN_DEPRECATED_OBJC_IMPLEMENTATIONS = YES;
				CLANG_WARN_DIRECT_OBJC_ISA_USAGE = YES_ERROR;
				CLANG_WARN_DOCUMENTATION_COMMENTS = YES;
				CLANG_WARN_EMPTY_BODY = YES;
				CLANG_WARN_ENUM_CONVERSION = YES;
				CLANG_WARN_INFINITE_RECURSION = YES;
				CLANG_WARN_INT_CONVERSION = YES;
				CLANG_WARN_NON_LITERAL_NULL_CONVERSION = YES;
				CLANG_WARN_OBJC_IMPLICIT_RETAIN_SELF = YES;
				CLANG_WARN_OBJC_LITERAL_CONVERSION = YES;
				CLANG_WARN_OBJC_ROOT_CLASS = YES_ERROR;
				CLANG_WARN_QUOTED_INCLUDE_IN_FRAMEWORK_HEADER = YES;
				CLANG_WARN_RANGE_LOOP_ANALYSIS = YES;
				CLANG_WARN_STRICT_PROTOTYPES = YES;
				CLANG_WARN_SUSPICIOUS_MOVE = YES;
				CLANG_WARN_UNGUARDED_AVAILABILITY = YES_AGGRESSIVE;
				CLANG_WARN_UNREACHABLE_CODE = YES;
				CLANG_WARN__DUPLICATE_METHOD_MATCH = YES;
				COPY_PHASE_STRIP = NO;
				DEBUG_INFORMATION_FORMAT = "dwarf-with-dsym";
				ENABLE_NS_ASSERTIONS = NO;
				ENABLE_STRICT_OBJC_MSGSEND = YES;
				GCC_C_LANGUAGE_STANDARD = gnu11;
				GCC_NO_COMMON_BLOCKS = YES;
				GCC_WARN_64_TO_32_BIT_CONVERSION = YES;
				GCC_WARN_ABOUT_RETURN_TYPE = YES_ERROR;
				GCC_WARN_UNDECLARED_SELECTOR = YES;
				GCC_WARN_UNINITIALIZED_AUTOS = YES_AGGRESSIVE;
				GCC_WARN_UNUSED_FUNCTION = YES;
				GCC_WARN_UNUSED_VARIABLE = YES;
				IPHONEOS_DEPLOYMENT_TARGET = 16.4;
				MTL_ENABLE_DEBUG_INFO = NO;
				MTL_FAST_MATH = YES;
				SDKROOT = iphoneos;
				SWIFT_COMPILATION_MODE = wholemodule;
				SWIFT_OPTIMIZATION_LEVEL = "-O";
				VALIDATE_PRODUCT = YES;
			};
			name = Release;
		};
		D1074DA82A36093500906579 /* Debug */ = {
			isa = XCBuildConfiguration;
			baseConfigurationReference = C25FC9E60CE6688C9C57ED3A /* Pods-tmbdAPI.debug.xcconfig */;
			buildSettings = {
				ASSETCATALOG_COMPILER_APPICON_NAME = AppIcon;
				ASSETCATALOG_COMPILER_GLOBAL_ACCENT_COLOR_NAME = AccentColor;
				CODE_SIGN_STYLE = Automatic;
				CURRENT_PROJECT_VERSION = 1;
				DEVELOPMENT_TEAM = N9KA4ZJ6RM;
				GENERATE_INFOPLIST_FILE = YES;
				INFOPLIST_FILE = tmbdAPI/Info.plist;
				INFOPLIST_KEY_UIApplicationSupportsIndirectInputEvents = YES;
				INFOPLIST_KEY_UILaunchStoryboardName = LaunchScreen;
				INFOPLIST_KEY_UIMainStoryboardFile = Main;
				INFOPLIST_KEY_UISupportedInterfaceOrientations_iPad = "UIInterfaceOrientationPortrait UIInterfaceOrientationPortraitUpsideDown UIInterfaceOrientationLandscapeLeft UIInterfaceOrientationLandscapeRight";
				INFOPLIST_KEY_UISupportedInterfaceOrientations_iPhone = "UIInterfaceOrientationPortrait UIInterfaceOrientationLandscapeLeft UIInterfaceOrientationLandscapeRight";
				LD_RUNPATH_SEARCH_PATHS = (
					"$(inherited)",
					"@executable_path/Frameworks",
				);
				MARKETING_VERSION = 1.0;
				PRODUCT_BUNDLE_IDENTIFIER = ealpago.tmbdAPI;
				PRODUCT_NAME = "$(TARGET_NAME)";
				SWIFT_EMIT_LOC_STRINGS = YES;
				SWIFT_VERSION = 5.0;
				TARGETED_DEVICE_FAMILY = "1,2";
			};
			name = Debug;
		};
		D1074DA92A36093500906579 /* Release */ = {
			isa = XCBuildConfiguration;
			baseConfigurationReference = 7C3B5F9AAC379584F3A345BB /* Pods-tmbdAPI.release.xcconfig */;
			buildSettings = {
				ASSETCATALOG_COMPILER_APPICON_NAME = AppIcon;
				ASSETCATALOG_COMPILER_GLOBAL_ACCENT_COLOR_NAME = AccentColor;
				CODE_SIGN_STYLE = Automatic;
				CURRENT_PROJECT_VERSION = 1;
				DEVELOPMENT_TEAM = N9KA4ZJ6RM;
				GENERATE_INFOPLIST_FILE = YES;
				INFOPLIST_FILE = tmbdAPI/Info.plist;
				INFOPLIST_KEY_UIApplicationSupportsIndirectInputEvents = YES;
				INFOPLIST_KEY_UILaunchStoryboardName = LaunchScreen;
				INFOPLIST_KEY_UIMainStoryboardFile = Main;
				INFOPLIST_KEY_UISupportedInterfaceOrientations_iPad = "UIInterfaceOrientationPortrait UIInterfaceOrientationPortraitUpsideDown UIInterfaceOrientationLandscapeLeft UIInterfaceOrientationLandscapeRight";
				INFOPLIST_KEY_UISupportedInterfaceOrientations_iPhone = "UIInterfaceOrientationPortrait UIInterfaceOrientationLandscapeLeft UIInterfaceOrientationLandscapeRight";
				LD_RUNPATH_SEARCH_PATHS = (
					"$(inherited)",
					"@executable_path/Frameworks",
				);
				MARKETING_VERSION = 1.0;
				PRODUCT_BUNDLE_IDENTIFIER = ealpago.tmbdAPI;
				PRODUCT_NAME = "$(TARGET_NAME)";
				SWIFT_EMIT_LOC_STRINGS = YES;
				SWIFT_VERSION = 5.0;
				TARGETED_DEVICE_FAMILY = "1,2";
			};
			name = Release;
		};
		D1074DAB2A36093500906579 /* Debug */ = {
			isa = XCBuildConfiguration;
			baseConfigurationReference = E3E427E0C7C4F22A5771A8B8 /* Pods-tmbdAPITests.debug.xcconfig */;
			buildSettings = {
				ALWAYS_EMBED_SWIFT_STANDARD_LIBRARIES = YES;
				BUNDLE_LOADER = "$(TEST_HOST)";
				CODE_SIGN_STYLE = Automatic;
				CURRENT_PROJECT_VERSION = 1;
				DEVELOPMENT_TEAM = N9KA4ZJ6RM;
				GENERATE_INFOPLIST_FILE = YES;
				IPHONEOS_DEPLOYMENT_TARGET = 16.4;
				MARKETING_VERSION = 1.0;
				PRODUCT_BUNDLE_IDENTIFIER = ealpago.tmbdAPITests;
				PRODUCT_NAME = "$(TARGET_NAME)";
				SWIFT_EMIT_LOC_STRINGS = NO;
				SWIFT_VERSION = 5.0;
				TARGETED_DEVICE_FAMILY = "1,2";
				TEST_HOST = "$(BUILT_PRODUCTS_DIR)/tmbdAPI.app/$(BUNDLE_EXECUTABLE_FOLDER_PATH)/tmbdAPI";
			};
			name = Debug;
		};
		D1074DAC2A36093500906579 /* Release */ = {
			isa = XCBuildConfiguration;
			baseConfigurationReference = 555AA9B6BA4090008E6A9078 /* Pods-tmbdAPITests.release.xcconfig */;
			buildSettings = {
				ALWAYS_EMBED_SWIFT_STANDARD_LIBRARIES = YES;
				BUNDLE_LOADER = "$(TEST_HOST)";
				CODE_SIGN_STYLE = Automatic;
				CURRENT_PROJECT_VERSION = 1;
				DEVELOPMENT_TEAM = N9KA4ZJ6RM;
				GENERATE_INFOPLIST_FILE = YES;
				IPHONEOS_DEPLOYMENT_TARGET = 16.4;
				MARKETING_VERSION = 1.0;
				PRODUCT_BUNDLE_IDENTIFIER = ealpago.tmbdAPITests;
				PRODUCT_NAME = "$(TARGET_NAME)";
				SWIFT_EMIT_LOC_STRINGS = NO;
				SWIFT_VERSION = 5.0;
				TARGETED_DEVICE_FAMILY = "1,2";
				TEST_HOST = "$(BUILT_PRODUCTS_DIR)/tmbdAPI.app/$(BUNDLE_EXECUTABLE_FOLDER_PATH)/tmbdAPI";
			};
			name = Release;
		};
		D1074DAE2A36093500906579 /* Debug */ = {
			isa = XCBuildConfiguration;
			baseConfigurationReference = CDB3C8629D408B83B697541E /* Pods-tmbdAPI-tmbdAPIUITests.debug.xcconfig */;
			buildSettings = {
				ALWAYS_EMBED_SWIFT_STANDARD_LIBRARIES = YES;
				CODE_SIGN_STYLE = Automatic;
				CURRENT_PROJECT_VERSION = 1;
				DEVELOPMENT_TEAM = N9KA4ZJ6RM;
				GENERATE_INFOPLIST_FILE = YES;
				MARKETING_VERSION = 1.0;
				PRODUCT_BUNDLE_IDENTIFIER = ealpago.tmbdAPIUITests;
				PRODUCT_NAME = "$(TARGET_NAME)";
				SWIFT_EMIT_LOC_STRINGS = NO;
				SWIFT_VERSION = 5.0;
				TARGETED_DEVICE_FAMILY = "1,2";
				TEST_TARGET_NAME = tmbdAPI;
			};
			name = Debug;
		};
		D1074DAF2A36093500906579 /* Release */ = {
			isa = XCBuildConfiguration;
			baseConfigurationReference = 2FEB8DC1A7E568FD5E450F60 /* Pods-tmbdAPI-tmbdAPIUITests.release.xcconfig */;
			buildSettings = {
				ALWAYS_EMBED_SWIFT_STANDARD_LIBRARIES = YES;
				CODE_SIGN_STYLE = Automatic;
				CURRENT_PROJECT_VERSION = 1;
				DEVELOPMENT_TEAM = N9KA4ZJ6RM;
				GENERATE_INFOPLIST_FILE = YES;
				MARKETING_VERSION = 1.0;
				PRODUCT_BUNDLE_IDENTIFIER = ealpago.tmbdAPIUITests;
				PRODUCT_NAME = "$(TARGET_NAME)";
				SWIFT_EMIT_LOC_STRINGS = NO;
				SWIFT_VERSION = 5.0;
				TARGETED_DEVICE_FAMILY = "1,2";
				TEST_TARGET_NAME = tmbdAPI;
			};
			name = Release;
		};
/* End XCBuildConfiguration section */

/* Begin XCConfigurationList section */
		D1074D752A36093300906579 /* Build configuration list for PBXProject "tmbdAPI" */ = {
			isa = XCConfigurationList;
			buildConfigurations = (
				D1074DA52A36093500906579 /* Debug */,
				D1074DA62A36093500906579 /* Release */,
			);
			defaultConfigurationIsVisible = 0;
			defaultConfigurationName = Release;
		};
		D1074DA72A36093500906579 /* Build configuration list for PBXNativeTarget "tmbdAPI" */ = {
			isa = XCConfigurationList;
			buildConfigurations = (
				D1074DA82A36093500906579 /* Debug */,
				D1074DA92A36093500906579 /* Release */,
			);
			defaultConfigurationIsVisible = 0;
			defaultConfigurationName = Release;
		};
		D1074DAA2A36093500906579 /* Build configuration list for PBXNativeTarget "tmbdAPITests" */ = {
			isa = XCConfigurationList;
			buildConfigurations = (
				D1074DAB2A36093500906579 /* Debug */,
				D1074DAC2A36093500906579 /* Release */,
			);
			defaultConfigurationIsVisible = 0;
			defaultConfigurationName = Release;
		};
		D1074DAD2A36093500906579 /* Build configuration list for PBXNativeTarget "tmbdAPIUITests" */ = {
			isa = XCConfigurationList;
			buildConfigurations = (
				D1074DAE2A36093500906579 /* Debug */,
				D1074DAF2A36093500906579 /* Release */,
			);
			defaultConfigurationIsVisible = 0;
			defaultConfigurationName = Release;
		};
/* End XCConfigurationList section */

/* Begin XCVersionGroup section */
		D1074D862A36093400906579 /* tmbdAPI.xcdatamodeld */ = {
			isa = XCVersionGroup;
			children = (
				D1074D872A36093400906579 /* tmbdAPI.xcdatamodel */,
			);
			currentVersion = D1074D872A36093400906579 /* tmbdAPI.xcdatamodel */;
			path = tmbdAPI.xcdatamodeld;
			sourceTree = "<group>";
			versionGroupType = wrapper.xcdatamodel;
		};
/* End XCVersionGroup section */
	};
	rootObject = D1074D722A36093300906579 /* Project object */;
}
