// !$*UTF8*$!
{
	archiveVersion = 1;
	classes = {
	};
	objectVersion = 56;
	objects = {

/* Begin PBXBuildFile section */
		1D353D4EA42FC1E4880F1DB1 /* Pods_tmbdAPI.framework in Frameworks */ = {isa = PBXBuildFile; fileRef = 6672EE46D35B0F9FD73F0B39 /* Pods_tmbdAPI.framework */; };
		81A3E5FEE214915FEACB4685 /* Pods_tmbdAPI_tmbdAPIUITests.framework in Frameworks */ = {isa = PBXBuildFile; fileRef = 4EA78C128F701F92ECE817CA /* Pods_tmbdAPI_tmbdAPIUITests.framework */; };
		A2E2FEF330133A5D5B9A2E45 /* Pods_tmbdAPITests.framework in Frameworks */ = {isa = PBXBuildFile; fileRef = 0CEBD1338AD4A01EF65595D4 /* Pods_tmbdAPITests.framework */; };
		D1074D7E2A36093300906579 /* AppDelegate.swift in Sources */ = {isa = PBXBuildFile; fileRef = D1074D7D2A36093300906579 /* AppDelegate.swift */; };
		D1074D802A36093300906579 /* SceneDelegate.swift in Sources */ = {isa = PBXBuildFile; fileRef = D1074D7F2A36093300906579 /* SceneDelegate.swift */; };
		D1074D822A36093300906579 /* BaseTabBarController.swift in Sources */ = {isa = PBXBuildFile; fileRef = D1074D812A36093300906579 /* BaseTabBarController.swift */; };
		D1074D852A36093400906579 /* Main.storyboard in Resources */ = {isa = PBXBuildFile; fileRef = D1074D832A36093400906579 /* Main.storyboard */; };
		D1074D882A36093400906579 /* tmbdAPI.xcdatamodeld in Sources */ = {isa = PBXBuildFile; fileRef = D1074D862A36093400906579 /* tmbdAPI.xcdatamodeld */; };
		D1074D8A2A36093500906579 /* Assets.xcassets in Resources */ = {isa = PBXBuildFile; fileRef = D1074D892A36093500906579 /* Assets.xcassets */; };
		D1074D8D2A36093500906579 /* LaunchScreen.storyboard in Resources */ = {isa = PBXBuildFile; fileRef = D1074D8B2A36093500906579 /* LaunchScreen.storyboard */; };
		D1074D982A36093500906579 /* tmbdAPITests.swift in Sources */ = {isa = PBXBuildFile; fileRef = D1074D972A36093500906579 /* tmbdAPITests.swift */; };
		D1074DA22A36093500906579 /* tmbdAPIUITests.swift in Sources */ = {isa = PBXBuildFile; fileRef = D1074DA12A36093500906579 /* tmbdAPIUITests.swift */; };
		D1074DA42A36093500906579 /* tmbdAPIUITestsLaunchTests.swift in Sources */ = {isa = PBXBuildFile; fileRef = D1074DA32A36093500906579 /* tmbdAPIUITestsLaunchTests.swift */; };
		D1074DBA2A38F9AF00906579 /* UpcomingViewController.swift in Sources */ = {isa = PBXBuildFile; fileRef = D1074DB92A38F9AF00906579 /* UpcomingViewController.swift */; };
		D1074DBC2A38F9BB00906579 /* UpcomingViewModel.swift in Sources */ = {isa = PBXBuildFile; fileRef = D1074DBB2A38F9BB00906579 /* UpcomingViewModel.swift */; };
		D1074DBE2A38F9CD00906579 /* DetailsViewController.swift in Sources */ = {isa = PBXBuildFile; fileRef = D1074DBD2A38F9CD00906579 /* DetailsViewController.swift */; };
		D1074DC02A38F9D700906579 /* DetailsViewModel.swift in Sources */ = {isa = PBXBuildFile; fileRef = D1074DBF2A38F9D700906579 /* DetailsViewModel.swift */; };
		D1074DC22A38FC2100906579 /* HomeViewController.swift in Sources */ = {isa = PBXBuildFile; fileRef = D1074DC12A38FC2100906579 /* HomeViewController.swift */; };
		D1074DC42A38FC2B00906579 /* HomeViewModel.swift in Sources */ = {isa = PBXBuildFile; fileRef = D1074DC32A38FC2B00906579 /* HomeViewModel.swift */; };
		D1074DCA2A38FFD300906579 /* HomeStoryboard.storyboard in Resources */ = {isa = PBXBuildFile; fileRef = D1074DC92A38FFD300906579 /* HomeStoryboard.storyboard */; };
		D1074DCC2A38FFDD00906579 /* UpcomingStoryboard.storyboard in Resources */ = {isa = PBXBuildFile; fileRef = D1074DCB2A38FFDD00906579 /* UpcomingStoryboard.storyboard */; };
		D1074DD12A38FFF200906579 /* DetailsStoryboard.storyboard in Resources */ = {isa = PBXBuildFile; fileRef = D1074DD02A38FFF200906579 /* DetailsStoryboard.storyboard */; };
		D1074DD52A390DA100906579 /* SearchViewController.swift in Sources */ = {isa = PBXBuildFile; fileRef = D1074DD42A390DA100906579 /* SearchViewController.swift */; };
		D1074DD72A390DAC00906579 /* SearchViewModel.swift in Sources */ = {isa = PBXBuildFile; fileRef = D1074DD62A390DAC00906579 /* SearchViewModel.swift */; };
		D1074DD92A390DB800906579 /* SearchStoryboard.storyboard in Resources */ = {isa = PBXBuildFile; fileRef = D1074DD82A390DB800906579 /* SearchStoryboard.storyboard */; };
		D11D5C902A4B7F3F00D4D194 /* GoogleService-Info.plist in Resources */ = {isa = PBXBuildFile; fileRef = D11D5C8F2A4B7F3F00D4D194 /* GoogleService-Info.plist */; };
		D11D5C932A4B81E300D4D194 /* FirebaseAnalytics in Frameworks */ = {isa = PBXBuildFile; productRef = D11D5C922A4B81E300D4D194 /* FirebaseAnalytics */; };
		D11D5C952A4B81E300D4D194 /* FirebaseAnalyticsOnDeviceConversion in Frameworks */ = {isa = PBXBuildFile; productRef = D11D5C942A4B81E300D4D194 /* FirebaseAnalyticsOnDeviceConversion */; };
		D11D5C972A4B81E300D4D194 /* FirebaseAnalyticsSwift in Frameworks */ = {isa = PBXBuildFile; productRef = D11D5C962A4B81E300D4D194 /* FirebaseAnalyticsSwift */; };
		D11D5C992A4B81E300D4D194 /* FirebaseAnalyticsWithoutAdIdSupport in Frameworks */ = {isa = PBXBuildFile; productRef = D11D5C982A4B81E300D4D194 /* FirebaseAnalyticsWithoutAdIdSupport */; };
		D11D5C9B2A4B81E300D4D194 /* FirebaseAppCheck in Frameworks */ = {isa = PBXBuildFile; productRef = D11D5C9A2A4B81E300D4D194 /* FirebaseAppCheck */; };
		D11D5C9D2A4B81E300D4D194 /* FirebaseAppDistribution-Beta in Frameworks */ = {isa = PBXBuildFile; productRef = D11D5C9C2A4B81E300D4D194 /* FirebaseAppDistribution-Beta */; };
		D11D5C9F2A4B81E300D4D194 /* FirebaseAuth in Frameworks */ = {isa = PBXBuildFile; productRef = D11D5C9E2A4B81E300D4D194 /* FirebaseAuth */; };
		D11D5CA12A4B81E300D4D194 /* FirebaseAuthCombine-Community in Frameworks */ = {isa = PBXBuildFile; productRef = D11D5CA02A4B81E300D4D194 /* FirebaseAuthCombine-Community */; };
		D11D5CA32A4B81E300D4D194 /* FirebaseCrashlytics in Frameworks */ = {isa = PBXBuildFile; productRef = D11D5CA22A4B81E300D4D194 /* FirebaseCrashlytics */; };
		D11D5CA52A4B81E300D4D194 /* FirebaseDatabase in Frameworks */ = {isa = PBXBuildFile; productRef = D11D5CA42A4B81E300D4D194 /* FirebaseDatabase */; };
		D11D5CA72A4B81E300D4D194 /* FirebaseDatabaseSwift in Frameworks */ = {isa = PBXBuildFile; productRef = D11D5CA62A4B81E300D4D194 /* FirebaseDatabaseSwift */; };
		D11D5CA92A4B81E300D4D194 /* FirebaseDynamicLinks in Frameworks */ = {isa = PBXBuildFile; productRef = D11D5CA82A4B81E300D4D194 /* FirebaseDynamicLinks */; };
		D11D5CAB2A4B81E300D4D194 /* FirebaseFirestore in Frameworks */ = {isa = PBXBuildFile; productRef = D11D5CAA2A4B81E300D4D194 /* FirebaseFirestore */; };
		D11D5CAD2A4B81E300D4D194 /* FirebaseFirestoreCombine-Community in Frameworks */ = {isa = PBXBuildFile; productRef = D11D5CAC2A4B81E300D4D194 /* FirebaseFirestoreCombine-Community */; };
		D11D5CAF2A4B81E300D4D194 /* FirebaseFirestoreSwift in Frameworks */ = {isa = PBXBuildFile; productRef = D11D5CAE2A4B81E300D4D194 /* FirebaseFirestoreSwift */; };
		D11D5CB12A4B81E300D4D194 /* FirebaseFunctions in Frameworks */ = {isa = PBXBuildFile; productRef = D11D5CB02A4B81E300D4D194 /* FirebaseFunctions */; };
		D11D5CB32A4B81E300D4D194 /* FirebaseFunctionsCombine-Community in Frameworks */ = {isa = PBXBuildFile; productRef = D11D5CB22A4B81E300D4D194 /* FirebaseFunctionsCombine-Community */; };
		D11D5CB52A4B81E300D4D194 /* FirebaseInAppMessaging-Beta in Frameworks */ = {isa = PBXBuildFile; productRef = D11D5CB42A4B81E300D4D194 /* FirebaseInAppMessaging-Beta */; };
		D11D5CB72A4B81E300D4D194 /* FirebaseInAppMessagingSwift-Beta in Frameworks */ = {isa = PBXBuildFile; productRef = D11D5CB62A4B81E300D4D194 /* FirebaseInAppMessagingSwift-Beta */; };
		D11D5CB92A4B81E300D4D194 /* FirebaseInstallations in Frameworks */ = {isa = PBXBuildFile; productRef = D11D5CB82A4B81E300D4D194 /* FirebaseInstallations */; };
		D11D5CBB2A4B81E300D4D194 /* FirebaseMLModelDownloader in Frameworks */ = {isa = PBXBuildFile; productRef = D11D5CBA2A4B81E300D4D194 /* FirebaseMLModelDownloader */; };
		D11D5CBD2A4B81E300D4D194 /* FirebaseMessaging in Frameworks */ = {isa = PBXBuildFile; productRef = D11D5CBC2A4B81E300D4D194 /* FirebaseMessaging */; };
		D11D5CBF2A4B81E300D4D194 /* FirebasePerformance in Frameworks */ = {isa = PBXBuildFile; productRef = D11D5CBE2A4B81E300D4D194 /* FirebasePerformance */; };
		D11D5CC12A4B81E300D4D194 /* FirebaseRemoteConfig in Frameworks */ = {isa = PBXBuildFile; productRef = D11D5CC02A4B81E300D4D194 /* FirebaseRemoteConfig */; };
		D11D5CC32A4B81E300D4D194 /* FirebaseRemoteConfigSwift in Frameworks */ = {isa = PBXBuildFile; productRef = D11D5CC22A4B81E300D4D194 /* FirebaseRemoteConfigSwift */; };
		D11D5CC52A4B81E300D4D194 /* FirebaseStorage in Frameworks */ = {isa = PBXBuildFile; productRef = D11D5CC42A4B81E300D4D194 /* FirebaseStorage */; };
		D11D5CC72A4B81E300D4D194 /* FirebaseStorageCombine-Community in Frameworks */ = {isa = PBXBuildFile; productRef = D11D5CC62A4B81E300D4D194 /* FirebaseStorageCombine-Community */; };
		D11D5CCA2A4CCD1200D4D194 /* LoginViewController.swift in Sources */ = {isa = PBXBuildFile; fileRef = D11D5CC92A4CCD1200D4D194 /* LoginViewController.swift */; };
		D11D5CCC2A4CCD2000D4D194 /* LoginViewModel.swift in Sources */ = {isa = PBXBuildFile; fileRef = D11D5CCB2A4CCD2000D4D194 /* LoginViewModel.swift */; };
		D11D5CD12A4CE8BC00D4D194 /* SignUpViewController.swift in Sources */ = {isa = PBXBuildFile; fileRef = D11D5CD02A4CE8BC00D4D194 /* SignUpViewController.swift */; };
		D11D5CD32A4CE8CA00D4D194 /* SignUpViewModel.swift in Sources */ = {isa = PBXBuildFile; fileRef = D11D5CD22A4CE8CA00D4D194 /* SignUpViewModel.swift */; };
		D11D5CD52A4CE8DF00D4D194 /* SignUpStoryboard.storyboard in Resources */ = {isa = PBXBuildFile; fileRef = D11D5CD42A4CE8DF00D4D194 /* SignUpStoryboard.storyboard */; };
		D11D5CD82A4DD46200D4D194 /* TextFieldView.swift in Sources */ = {isa = PBXBuildFile; fileRef = D11D5CD72A4DD46200D4D194 /* TextFieldView.swift */; };
		D11D5CDA2A4DD47900D4D194 /* TextFieldView.xib in Resources */ = {isa = PBXBuildFile; fileRef = D11D5CD92A4DD47900D4D194 /* TextFieldView.xib */; };
		D11D5CDD2A4E1A0D00D4D194 /* BaseTabbarStoryboard.storyboard in Resources */ = {isa = PBXBuildFile; fileRef = D11D5CDC2A4E1A0D00D4D194 /* BaseTabbarStoryboard.storyboard */; };
		D11D5CDF2A4E1EBE00D4D194 /* UserDefaults+Ext.swift in Sources */ = {isa = PBXBuildFile; fileRef = D11D5CDE2A4E1EBE00D4D194 /* UserDefaults+Ext.swift */; };
		D11D5CE12A4E1F3A00D4D194 /* LoggedUser.swift in Sources */ = {isa = PBXBuildFile; fileRef = D11D5CE02A4E1F3A00D4D194 /* LoggedUser.swift */; };
		D11D5CE42A4F0D0000D4D194 /* ProfileViewController.swift in Sources */ = {isa = PBXBuildFile; fileRef = D11D5CE32A4F0D0000D4D194 /* ProfileViewController.swift */; };
		D11D5CE62A4F0D0C00D4D194 /* ProfileViewModel.swift in Sources */ = {isa = PBXBuildFile; fileRef = D11D5CE52A4F0D0C00D4D194 /* ProfileViewModel.swift */; };
		D11D5CE82A4F0D1800D4D194 /* ProfileStoryboard.storyboard in Resources */ = {isa = PBXBuildFile; fileRef = D11D5CE72A4F0D1800D4D194 /* ProfileStoryboard.storyboard */; };
		D11D5CED2A4F26B000D4D194 /* ActorDetailViewController.swift in Sources */ = {isa = PBXBuildFile; fileRef = D11D5CEC2A4F26B000D4D194 /* ActorDetailViewController.swift */; };
		D11D5CEF2A4F26C300D4D194 /* ActorDetailViewModel.swift in Sources */ = {isa = PBXBuildFile; fileRef = D11D5CEE2A4F26C300D4D194 /* ActorDetailViewModel.swift */; };
		D11D5CF12A4F26D700D4D194 /* ActorDetailStoryboard.storyboard in Resources */ = {isa = PBXBuildFile; fileRef = D11D5CF02A4F26D700D4D194 /* ActorDetailStoryboard.storyboard */; };
		D11D5CF52A4F462D00D4D194 /* PersonDetail.swift in Sources */ = {isa = PBXBuildFile; fileRef = D11D5CF42A4F462D00D4D194 /* PersonDetail.swift */; };
		D11D5CF92A4F48F200D4D194 /* PersonsMoviesCasts.swift in Sources */ = {isa = PBXBuildFile; fileRef = D11D5CF82A4F48F200D4D194 /* PersonsMoviesCasts.swift */; };
		D11D5CFB2A4F492400D4D194 /* PersonsMoviesCrew.swift in Sources */ = {isa = PBXBuildFile; fileRef = D11D5CFA2A4F492400D4D194 /* PersonsMoviesCrew.swift */; };
		D11D5CFD2A4F494D00D4D194 /* PersonMovies.swift in Sources */ = {isa = PBXBuildFile; fileRef = D11D5CFC2A4F494D00D4D194 /* PersonMovies.swift */; };
		D14C36ED2A42FC6200F3554E /* BaseViewController.swift in Sources */ = {isa = PBXBuildFile; fileRef = D14C36EC2A42FC6200F3554E /* BaseViewController.swift */; };
		D14C36F12A42FCCA00F3554E /* BaseViewModel.swift in Sources */ = {isa = PBXBuildFile; fileRef = D14C36F02A42FCCA00F3554E /* BaseViewModel.swift */; };
		D14C36F42A430D0300F3554E /* CellModel.swift in Sources */ = {isa = PBXBuildFile; fileRef = D14C36F32A430D0300F3554E /* CellModel.swift */; };
		D14C36F62A430D6900F3554E /* CellModelItems.swift in Sources */ = {isa = PBXBuildFile; fileRef = D14C36F52A430D6900F3554E /* CellModelItems.swift */; };
		D14C36F82A432FDD00F3554E /* UIImageView+Ext.swift in Sources */ = {isa = PBXBuildFile; fileRef = D14C36F72A432FDD00F3554E /* UIImageView+Ext.swift */; };
		D14C36FA2A4343A600F3554E /* UIColor+Ext.swift in Sources */ = {isa = PBXBuildFile; fileRef = D14C36F92A4343A600F3554E /* UIColor+Ext.swift */; };
		D14C36FD2A43538700F3554E /* SearchedMoviesResults.swift in Sources */ = {isa = PBXBuildFile; fileRef = D14C36FC2A43538700F3554E /* SearchedMoviesResults.swift */; };
		D14C36FF2A4353B100F3554E /* SearchResponse.swift in Sources */ = {isa = PBXBuildFile; fileRef = D14C36FE2A4353B100F3554E /* SearchResponse.swift */; };
		D14C370D2A43ADD200F3554E /* DetailInfoView.swift in Sources */ = {isa = PBXBuildFile; fileRef = D14C370C2A43ADD200F3554E /* DetailInfoView.swift */; };
		D14C370F2A43ADEF00F3554E /* DetailInfoView.xib in Resources */ = {isa = PBXBuildFile; fileRef = D14C370E2A43ADEF00F3554E /* DetailInfoView.xib */; };
		D14C371D2A43C28F00F3554E /* CastCollectionViewCell.swift in Sources */ = {isa = PBXBuildFile; fileRef = D14C371B2A43C28F00F3554E /* CastCollectionViewCell.swift */; };
		D14C371E2A43C28F00F3554E /* CastCollectionViewCell.xib in Resources */ = {isa = PBXBuildFile; fileRef = D14C371C2A43C28F00F3554E /* CastCollectionViewCell.xib */; };
		D14C37202A43DB4F00F3554E /* BelongToCollection.swift in Sources */ = {isa = PBXBuildFile; fileRef = D14C371F2A43DB4F00F3554E /* BelongToCollection.swift */; };
		D14C37222A443F5200F3554E /* BaseSceneDelegate.swift in Sources */ = {isa = PBXBuildFile; fileRef = D14C37212A443F5200F3554E /* BaseSceneDelegate.swift */; };
		D14C37242A443F8400F3554E /* NetworkMonitor.swift in Sources */ = {isa = PBXBuildFile; fileRef = D14C37232A443F8400F3554E /* NetworkMonitor.swift */; };
		D14C37262A44404100F3554E /* ServiceError.swift in Sources */ = {isa = PBXBuildFile; fileRef = D14C37252A44404100F3554E /* ServiceError.swift */; };
		D17BC9442A3913330071B9A2 /* DetailedTableViewCell.swift in Sources */ = {isa = PBXBuildFile; fileRef = D17BC9422A3913330071B9A2 /* DetailedTableViewCell.swift */; };
		D17BC9452A3913330071B9A2 /* DetailedTableViewCell.xib in Resources */ = {isa = PBXBuildFile; fileRef = D17BC9432A3913330071B9A2 /* DetailedTableViewCell.xib */; };
		D1A176CC2A3DE9A4000D24E2 /* MoviesCollectionViewCell.swift in Sources */ = {isa = PBXBuildFile; fileRef = D1A176CA2A3DE9A4000D24E2 /* MoviesCollectionViewCell.swift */; };
		D1A176CD2A3DE9A5000D24E2 /* MoviesCollectionViewCell.xib in Resources */ = {isa = PBXBuildFile; fileRef = D1A176CB2A3DE9A4000D24E2 /* MoviesCollectionViewCell.xib */; };
		D1F048632A3DF05B005D6965 /* CollectionTableViewCell.swift in Sources */ = {isa = PBXBuildFile; fileRef = D1F048612A3DF05B005D6965 /* CollectionTableViewCell.swift */; };
		D1F048642A3DF05B005D6965 /* CollectionTableViewCell.xib in Resources */ = {isa = PBXBuildFile; fileRef = D1F048622A3DF05B005D6965 /* CollectionTableViewCell.xib */; };
		D1F048672A3DF251005D6965 /* UIViewController+Ext.swift in Sources */ = {isa = PBXBuildFile; fileRef = D1F048662A3DF251005D6965 /* UIViewController+Ext.swift */; };
		D1F048742A3E10FF005D6965 /* HeaderView.swift in Sources */ = {isa = PBXBuildFile; fileRef = D1F048732A3E10FF005D6965 /* HeaderView.swift */; };
		D1F048762A3E1109005D6965 /* HeaderView.xib in Resources */ = {isa = PBXBuildFile; fileRef = D1F048752A3E1109005D6965 /* HeaderView.xib */; };
		D1F048782A3F4EE2005D6965 /* String+Ext.swift in Sources */ = {isa = PBXBuildFile; fileRef = D1F048772A3F4EE2005D6965 /* String+Ext.swift */; };
		D1F0487A2A3F501C005D6965 /* UIView+Ext.swift in Sources */ = {isa = PBXBuildFile; fileRef = D1F048792A3F501C005D6965 /* UIView+Ext.swift */; };
		D1F0487C2A40ED45005D6965 /* NetworkServices.swift in Sources */ = {isa = PBXBuildFile; fileRef = D1F0487B2A40ED44005D6965 /* NetworkServices.swift */; };
		D1F0487F2A40FE0A005D6965 /* NowPlayingMovies.swift in Sources */ = {isa = PBXBuildFile; fileRef = D1F0487E2A40FE0A005D6965 /* NowPlayingMovies.swift */; };
		D1F048812A40FE67005D6965 /* NowPlayingMoviesResults.swift in Sources */ = {isa = PBXBuildFile; fileRef = D1F048802A40FE67005D6965 /* NowPlayingMoviesResults.swift */; };
		D1F048832A40FE99005D6965 /* Date.swift in Sources */ = {isa = PBXBuildFile; fileRef = D1F048822A40FE99005D6965 /* Date.swift */; };
		D1F048862A40FF38005D6965 /* PopularMovies.swift in Sources */ = {isa = PBXBuildFile; fileRef = D1F048852A40FF38005D6965 /* PopularMovies.swift */; };
		D1F048882A40FF5D005D6965 /* PopularMoviesResults.swift in Sources */ = {isa = PBXBuildFile; fileRef = D1F048872A40FF5D005D6965 /* PopularMoviesResults.swift */; };
		D1F0488B2A41000B005D6965 /* TopRatedMovies.swift in Sources */ = {isa = PBXBuildFile; fileRef = D1F0488A2A41000B005D6965 /* TopRatedMovies.swift */; };
		D1F0488D2A41002E005D6965 /* TopRatedMoviesResults.swift in Sources */ = {isa = PBXBuildFile; fileRef = D1F0488C2A41002E005D6965 /* TopRatedMoviesResults.swift */; };
		D1F048912A4100C2005D6965 /* UpcomingMovies.swift in Sources */ = {isa = PBXBuildFile; fileRef = D1F048902A4100C2005D6965 /* UpcomingMovies.swift */; };
		D1F048932A4100ED005D6965 /* UpcomingMoviesResults.swift in Sources */ = {isa = PBXBuildFile; fileRef = D1F048922A4100ED005D6965 /* UpcomingMoviesResults.swift */; };
		D1F048972A4101D4005D6965 /* Genre.swift in Sources */ = {isa = PBXBuildFile; fileRef = D1F048962A4101D4005D6965 /* Genre.swift */; };
		D1F048992A4101FF005D6965 /* ProductionCompany.swift in Sources */ = {isa = PBXBuildFile; fileRef = D1F048982A4101FF005D6965 /* ProductionCompany.swift */; };
		D1F0489B2A41022E005D6965 /* ProductionCountry.swift in Sources */ = {isa = PBXBuildFile; fileRef = D1F0489A2A41022E005D6965 /* ProductionCountry.swift */; };
		D1F0489D2A41024F005D6965 /* SpokenLanguage.swift in Sources */ = {isa = PBXBuildFile; fileRef = D1F0489C2A41024F005D6965 /* SpokenLanguage.swift */; };
		D1F0489F2A410273005D6965 /* MovieDetail.swift in Sources */ = {isa = PBXBuildFile; fileRef = D1F0489E2A410273005D6965 /* MovieDetail.swift */; };
		D1F048A22A41038E005D6965 /* Cast.swift in Sources */ = {isa = PBXBuildFile; fileRef = D1F048A12A41038E005D6965 /* Cast.swift */; };
		D1F048A42A4103BA005D6965 /* Crew.swift in Sources */ = {isa = PBXBuildFile; fileRef = D1F048A32A4103BA005D6965 /* Crew.swift */; };
		D1F048A62A4103E4005D6965 /* MovieCredits.swift in Sources */ = {isa = PBXBuildFile; fileRef = D1F048A52A4103E4005D6965 /* MovieCredits.swift */; };
		D1F048A92A410453005D6965 /* Keyword.swift in Sources */ = {isa = PBXBuildFile; fileRef = D1F048A82A410453005D6965 /* Keyword.swift */; };
		D1F048AB2A410483005D6965 /* MovieKeywords.swift in Sources */ = {isa = PBXBuildFile; fileRef = D1F048AA2A410483005D6965 /* MovieKeywords.swift */; };
		D1F048AE2A410562005D6965 /* RecommendationResults.swift in Sources */ = {isa = PBXBuildFile; fileRef = D1F048AD2A410562005D6965 /* RecommendationResults.swift */; };
		D1F048B02A410592005D6965 /* MovieRecommendations.swift in Sources */ = {isa = PBXBuildFile; fileRef = D1F048AF2A410592005D6965 /* MovieRecommendations.swift */; };
		D1F048B32A410607005D6965 /* SimilarMovieResults.swift in Sources */ = {isa = PBXBuildFile; fileRef = D1F048B22A410607005D6965 /* SimilarMovieResults.swift */; };
		D1F048B52A410626005D6965 /* SimilarMovies.swift in Sources */ = {isa = PBXBuildFile; fileRef = D1F048B42A410626005D6965 /* SimilarMovies.swift */; };
/* End PBXBuildFile section */

/* Begin PBXContainerItemProxy section */
		D1074D942A36093500906579 /* PBXContainerItemProxy */ = {
			isa = PBXContainerItemProxy;
			containerPortal = D1074D722A36093300906579 /* Project object */;
			proxyType = 1;
			remoteGlobalIDString = D1074D792A36093300906579;
			remoteInfo = tmbdAPI;
		};
		D1074D9E2A36093500906579 /* PBXContainerItemProxy */ = {
			isa = PBXContainerItemProxy;
			containerPortal = D1074D722A36093300906579 /* Project object */;
			proxyType = 1;
			remoteGlobalIDString = D1074D792A36093300906579;
			remoteInfo = tmbdAPI;
		};
/* End PBXContainerItemProxy section */

/* Begin PBXFileReference section */
		0CEBD1338AD4A01EF65595D4 /* Pods_tmbdAPITests.framework */ = {isa = PBXFileReference; explicitFileType = wrapper.framework; includeInIndex = 0; path = Pods_tmbdAPITests.framework; sourceTree = BUILT_PRODUCTS_DIR; };
		2FEB8DC1A7E568FD5E450F60 /* Pods-tmbdAPI-tmbdAPIUITests.release.xcconfig */ = {isa = PBXFileReference; includeInIndex = 1; lastKnownFileType = text.xcconfig; name = "Pods-tmbdAPI-tmbdAPIUITests.release.xcconfig"; path = "Target Support Files/Pods-tmbdAPI-tmbdAPIUITests/Pods-tmbdAPI-tmbdAPIUITests.release.xcconfig"; sourceTree = "<group>"; };
		4EA78C128F701F92ECE817CA /* Pods_tmbdAPI_tmbdAPIUITests.framework */ = {isa = PBXFileReference; explicitFileType = wrapper.framework; includeInIndex = 0; path = Pods_tmbdAPI_tmbdAPIUITests.framework; sourceTree = BUILT_PRODUCTS_DIR; };
		555AA9B6BA4090008E6A9078 /* Pods-tmbdAPITests.release.xcconfig */ = {isa = PBXFileReference; includeInIndex = 1; lastKnownFileType = text.xcconfig; name = "Pods-tmbdAPITests.release.xcconfig"; path = "Target Support Files/Pods-tmbdAPITests/Pods-tmbdAPITests.release.xcconfig"; sourceTree = "<group>"; };
		6672EE46D35B0F9FD73F0B39 /* Pods_tmbdAPI.framework */ = {isa = PBXFileReference; explicitFileType = wrapper.framework; includeInIndex = 0; path = Pods_tmbdAPI.framework; sourceTree = BUILT_PRODUCTS_DIR; };
		7C3B5F9AAC379584F3A345BB /* Pods-tmbdAPI.release.xcconfig */ = {isa = PBXFileReference; includeInIndex = 1; lastKnownFileType = text.xcconfig; name = "Pods-tmbdAPI.release.xcconfig"; path = "Target Support Files/Pods-tmbdAPI/Pods-tmbdAPI.release.xcconfig"; sourceTree = "<group>"; };
		C25FC9E60CE6688C9C57ED3A /* Pods-tmbdAPI.debug.xcconfig */ = {isa = PBXFileReference; includeInIndex = 1; lastKnownFileType = text.xcconfig; name = "Pods-tmbdAPI.debug.xcconfig"; path = "Target Support Files/Pods-tmbdAPI/Pods-tmbdAPI.debug.xcconfig"; sourceTree = "<group>"; };
		CDB3C8629D408B83B697541E /* Pods-tmbdAPI-tmbdAPIUITests.debug.xcconfig */ = {isa = PBXFileReference; includeInIndex = 1; lastKnownFileType = text.xcconfig; name = "Pods-tmbdAPI-tmbdAPIUITests.debug.xcconfig"; path = "Target Support Files/Pods-tmbdAPI-tmbdAPIUITests/Pods-tmbdAPI-tmbdAPIUITests.debug.xcconfig"; sourceTree = "<group>"; };
		D1074D7A2A36093300906579 /* tmbdAPI.app */ = {isa = PBXFileReference; explicitFileType = wrapper.application; includeInIndex = 0; path = tmbdAPI.app; sourceTree = BUILT_PRODUCTS_DIR; };
		D1074D7D2A36093300906579 /* AppDelegate.swift */ = {isa = PBXFileReference; lastKnownFileType = sourcecode.swift; path = AppDelegate.swift; sourceTree = "<group>"; };
		D1074D7F2A36093300906579 /* SceneDelegate.swift */ = {isa = PBXFileReference; lastKnownFileType = sourcecode.swift; path = SceneDelegate.swift; sourceTree = "<group>"; };
		D1074D812A36093300906579 /* BaseTabBarController.swift */ = {isa = PBXFileReference; lastKnownFileType = sourcecode.swift; path = BaseTabBarController.swift; sourceTree = "<group>"; };
		D1074D842A36093400906579 /* Base */ = {isa = PBXFileReference; lastKnownFileType = file.storyboard; name = Base; path = Base.lproj/Main.storyboard; sourceTree = "<group>"; };
		D1074D872A36093400906579 /* tmbdAPI.xcdatamodel */ = {isa = PBXFileReference; lastKnownFileType = wrapper.xcdatamodel; path = tmbdAPI.xcdatamodel; sourceTree = "<group>"; };
		D1074D892A36093500906579 /* Assets.xcassets */ = {isa = PBXFileReference; lastKnownFileType = folder.assetcatalog; path = Assets.xcassets; sourceTree = "<group>"; };
		D1074D8C2A36093500906579 /* Base */ = {isa = PBXFileReference; lastKnownFileType = file.storyboard; name = Base; path = Base.lproj/LaunchScreen.storyboard; sourceTree = "<group>"; };
		D1074D8E2A36093500906579 /* Info.plist */ = {isa = PBXFileReference; lastKnownFileType = text.plist.xml; path = Info.plist; sourceTree = "<group>"; };
		D1074D932A36093500906579 /* tmbdAPITests.xctest */ = {isa = PBXFileReference; explicitFileType = wrapper.cfbundle; includeInIndex = 0; path = tmbdAPITests.xctest; sourceTree = BUILT_PRODUCTS_DIR; };
		D1074D972A36093500906579 /* tmbdAPITests.swift */ = {isa = PBXFileReference; lastKnownFileType = sourcecode.swift; path = tmbdAPITests.swift; sourceTree = "<group>"; };
		D1074D9D2A36093500906579 /* tmbdAPIUITests.xctest */ = {isa = PBXFileReference; explicitFileType = wrapper.cfbundle; includeInIndex = 0; path = tmbdAPIUITests.xctest; sourceTree = BUILT_PRODUCTS_DIR; };
		D1074DA12A36093500906579 /* tmbdAPIUITests.swift */ = {isa = PBXFileReference; lastKnownFileType = sourcecode.swift; path = tmbdAPIUITests.swift; sourceTree = "<group>"; };
		D1074DA32A36093500906579 /* tmbdAPIUITestsLaunchTests.swift */ = {isa = PBXFileReference; lastKnownFileType = sourcecode.swift; path = tmbdAPIUITestsLaunchTests.swift; sourceTree = "<group>"; };
		D1074DB92A38F9AF00906579 /* UpcomingViewController.swift */ = {isa = PBXFileReference; lastKnownFileType = sourcecode.swift; path = UpcomingViewController.swift; sourceTree = "<group>"; };
		D1074DBB2A38F9BB00906579 /* UpcomingViewModel.swift */ = {isa = PBXFileReference; lastKnownFileType = sourcecode.swift; path = UpcomingViewModel.swift; sourceTree = "<group>"; };
		D1074DBD2A38F9CD00906579 /* DetailsViewController.swift */ = {isa = PBXFileReference; lastKnownFileType = sourcecode.swift; path = DetailsViewController.swift; sourceTree = "<group>"; };
		D1074DBF2A38F9D700906579 /* DetailsViewModel.swift */ = {isa = PBXFileReference; lastKnownFileType = sourcecode.swift; path = DetailsViewModel.swift; sourceTree = "<group>"; };
		D1074DC12A38FC2100906579 /* HomeViewController.swift */ = {isa = PBXFileReference; lastKnownFileType = sourcecode.swift; path = HomeViewController.swift; sourceTree = "<group>"; };
		D1074DC32A38FC2B00906579 /* HomeViewModel.swift */ = {isa = PBXFileReference; lastKnownFileType = sourcecode.swift; path = HomeViewModel.swift; sourceTree = "<group>"; };
		D1074DC92A38FFD300906579 /* HomeStoryboard.storyboard */ = {isa = PBXFileReference; lastKnownFileType = file.storyboard; path = HomeStoryboard.storyboard; sourceTree = "<group>"; };
		D1074DCB2A38FFDD00906579 /* UpcomingStoryboard.storyboard */ = {isa = PBXFileReference; lastKnownFileType = file.storyboard; path = UpcomingStoryboard.storyboard; sourceTree = "<group>"; };
		D1074DD02A38FFF200906579 /* DetailsStoryboard.storyboard */ = {isa = PBXFileReference; lastKnownFileType = file.storyboard; path = DetailsStoryboard.storyboard; sourceTree = "<group>"; };
		D1074DD42A390DA100906579 /* SearchViewController.swift */ = {isa = PBXFileReference; lastKnownFileType = sourcecode.swift; path = SearchViewController.swift; sourceTree = "<group>"; };
		D1074DD62A390DAC00906579 /* SearchViewModel.swift */ = {isa = PBXFileReference; lastKnownFileType = sourcecode.swift; path = SearchViewModel.swift; sourceTree = "<group>"; };
		D1074DD82A390DB800906579 /* SearchStoryboard.storyboard */ = {isa = PBXFileReference; lastKnownFileType = file.storyboard; path = SearchStoryboard.storyboard; sourceTree = "<group>"; };
		D11D5C8F2A4B7F3F00D4D194 /* GoogleService-Info.plist */ = {isa = PBXFileReference; fileEncoding = 4; lastKnownFileType = text.plist.xml; path = "GoogleService-Info.plist"; sourceTree = "<group>"; };
		D11D5CC92A4CCD1200D4D194 /* LoginViewController.swift */ = {isa = PBXFileReference; lastKnownFileType = sourcecode.swift; path = LoginViewController.swift; sourceTree = "<group>"; };
		D11D5CCB2A4CCD2000D4D194 /* LoginViewModel.swift */ = {isa = PBXFileReference; lastKnownFileType = sourcecode.swift; path = LoginViewModel.swift; sourceTree = "<group>"; };
		D11D5CD02A4CE8BC00D4D194 /* SignUpViewController.swift */ = {isa = PBXFileReference; lastKnownFileType = sourcecode.swift; path = SignUpViewController.swift; sourceTree = "<group>"; };
		D11D5CD22A4CE8CA00D4D194 /* SignUpViewModel.swift */ = {isa = PBXFileReference; lastKnownFileType = sourcecode.swift; path = SignUpViewModel.swift; sourceTree = "<group>"; };
		D11D5CD42A4CE8DF00D4D194 /* SignUpStoryboard.storyboard */ = {isa = PBXFileReference; lastKnownFileType = file.storyboard; path = SignUpStoryboard.storyboard; sourceTree = "<group>"; };
		D11D5CD72A4DD46200D4D194 /* TextFieldView.swift */ = {isa = PBXFileReference; lastKnownFileType = sourcecode.swift; path = TextFieldView.swift; sourceTree = "<group>"; };
		D11D5CD92A4DD47900D4D194 /* TextFieldView.xib */ = {isa = PBXFileReference; lastKnownFileType = file.xib; path = TextFieldView.xib; sourceTree = "<group>"; };
		D11D5CDC2A4E1A0D00D4D194 /* BaseTabbarStoryboard.storyboard */ = {isa = PBXFileReference; lastKnownFileType = file.storyboard; path = BaseTabbarStoryboard.storyboard; sourceTree = "<group>"; };
		D11D5CDE2A4E1EBE00D4D194 /* UserDefaults+Ext.swift */ = {isa = PBXFileReference; lastKnownFileType = sourcecode.swift; path = "UserDefaults+Ext.swift"; sourceTree = "<group>"; };
		D11D5CE02A4E1F3A00D4D194 /* LoggedUser.swift */ = {isa = PBXFileReference; lastKnownFileType = sourcecode.swift; path = LoggedUser.swift; sourceTree = "<group>"; };
		D11D5CE32A4F0D0000D4D194 /* ProfileViewController.swift */ = {isa = PBXFileReference; lastKnownFileType = sourcecode.swift; path = ProfileViewController.swift; sourceTree = "<group>"; };
		D11D5CE52A4F0D0C00D4D194 /* ProfileViewModel.swift */ = {isa = PBXFileReference; lastKnownFileType = sourcecode.swift; path = ProfileViewModel.swift; sourceTree = "<group>"; };
		D11D5CE72A4F0D1800D4D194 /* ProfileStoryboard.storyboard */ = {isa = PBXFileReference; lastKnownFileType = file.storyboard; path = ProfileStoryboard.storyboard; sourceTree = "<group>"; };
		D11D5CEC2A4F26B000D4D194 /* ActorDetailViewController.swift */ = {isa = PBXFileReference; lastKnownFileType = sourcecode.swift; path = ActorDetailViewController.swift; sourceTree = "<group>"; };
		D11D5CEE2A4F26C300D4D194 /* ActorDetailViewModel.swift */ = {isa = PBXFileReference; lastKnownFileType = sourcecode.swift; path = ActorDetailViewModel.swift; sourceTree = "<group>"; };
		D11D5CF02A4F26D700D4D194 /* ActorDetailStoryboard.storyboard */ = {isa = PBXFileReference; lastKnownFileType = file.storyboard; path = ActorDetailStoryboard.storyboard; sourceTree = "<group>"; };
		D11D5CF42A4F462D00D4D194 /* PersonDetail.swift */ = {isa = PBXFileReference; lastKnownFileType = sourcecode.swift; path = PersonDetail.swift; sourceTree = "<group>"; };
		D11D5CF82A4F48F200D4D194 /* PersonsMoviesCasts.swift */ = {isa = PBXFileReference; lastKnownFileType = sourcecode.swift; path = PersonsMoviesCasts.swift; sourceTree = "<group>"; };
		D11D5CFA2A4F492400D4D194 /* PersonsMoviesCrew.swift */ = {isa = PBXFileReference; lastKnownFileType = sourcecode.swift; path = PersonsMoviesCrew.swift; sourceTree = "<group>"; };
		D11D5CFC2A4F494D00D4D194 /* PersonMovies.swift */ = {isa = PBXFileReference; lastKnownFileType = sourcecode.swift; path = PersonMovies.swift; sourceTree = "<group>"; };
		D14C36EC2A42FC6200F3554E /* BaseViewController.swift */ = {isa = PBXFileReference; lastKnownFileType = sourcecode.swift; path = BaseViewController.swift; sourceTree = "<group>"; };
		D14C36F02A42FCCA00F3554E /* BaseViewModel.swift */ = {isa = PBXFileReference; lastKnownFileType = sourcecode.swift; path = BaseViewModel.swift; sourceTree = "<group>"; };
		D14C36F32A430D0300F3554E /* CellModel.swift */ = {isa = PBXFileReference; lastKnownFileType = sourcecode.swift; path = CellModel.swift; sourceTree = "<group>"; };
		D14C36F52A430D6900F3554E /* CellModelItems.swift */ = {isa = PBXFileReference; lastKnownFileType = sourcecode.swift; path = CellModelItems.swift; sourceTree = "<group>"; };
		D14C36F72A432FDD00F3554E /* UIImageView+Ext.swift */ = {isa = PBXFileReference; lastKnownFileType = sourcecode.swift; path = "UIImageView+Ext.swift"; sourceTree = "<group>"; };
		D14C36F92A4343A600F3554E /* UIColor+Ext.swift */ = {isa = PBXFileReference; lastKnownFileType = sourcecode.swift; path = "UIColor+Ext.swift"; sourceTree = "<group>"; };
		D14C36FC2A43538700F3554E /* SearchedMoviesResults.swift */ = {isa = PBXFileReference; lastKnownFileType = sourcecode.swift; path = SearchedMoviesResults.swift; sourceTree = "<group>"; };
		D14C36FE2A4353B100F3554E /* SearchResponse.swift */ = {isa = PBXFileReference; lastKnownFileType = sourcecode.swift; path = SearchResponse.swift; sourceTree = "<group>"; };
		D14C370C2A43ADD200F3554E /* DetailInfoView.swift */ = {isa = PBXFileReference; lastKnownFileType = sourcecode.swift; path = DetailInfoView.swift; sourceTree = "<group>"; };
		D14C370E2A43ADEF00F3554E /* DetailInfoView.xib */ = {isa = PBXFileReference; lastKnownFileType = file.xib; path = DetailInfoView.xib; sourceTree = "<group>"; };
		D14C371B2A43C28F00F3554E /* CastCollectionViewCell.swift */ = {isa = PBXFileReference; lastKnownFileType = sourcecode.swift; path = CastCollectionViewCell.swift; sourceTree = "<group>"; };
		D14C371C2A43C28F00F3554E /* CastCollectionViewCell.xib */ = {isa = PBXFileReference; lastKnownFileType = file.xib; path = CastCollectionViewCell.xib; sourceTree = "<group>"; };
		D14C371F2A43DB4F00F3554E /* BelongToCollection.swift */ = {isa = PBXFileReference; lastKnownFileType = sourcecode.swift; path = BelongToCollection.swift; sourceTree = "<group>"; };
		D14C37212A443F5200F3554E /* BaseSceneDelegate.swift */ = {isa = PBXFileReference; lastKnownFileType = sourcecode.swift; path = BaseSceneDelegate.swift; sourceTree = "<group>"; };
		D14C37232A443F8400F3554E /* NetworkMonitor.swift */ = {isa = PBXFileReference; lastKnownFileType = sourcecode.swift; path = NetworkMonitor.swift; sourceTree = "<group>"; };
		D14C37252A44404100F3554E /* ServiceError.swift */ = {isa = PBXFileReference; lastKnownFileType = sourcecode.swift; path = ServiceError.swift; sourceTree = "<group>"; };
		D17BC9422A3913330071B9A2 /* DetailedTableViewCell.swift */ = {isa = PBXFileReference; lastKnownFileType = sourcecode.swift; path = DetailedTableViewCell.swift; sourceTree = "<group>"; };
		D17BC9432A3913330071B9A2 /* DetailedTableViewCell.xib */ = {isa = PBXFileReference; lastKnownFileType = file.xib; path = DetailedTableViewCell.xib; sourceTree = "<group>"; };
		D1A176CA2A3DE9A4000D24E2 /* MoviesCollectionViewCell.swift */ = {isa = PBXFileReference; lastKnownFileType = sourcecode.swift; path = MoviesCollectionViewCell.swift; sourceTree = "<group>"; };
		D1A176CB2A3DE9A4000D24E2 /* MoviesCollectionViewCell.xib */ = {isa = PBXFileReference; lastKnownFileType = file.xib; path = MoviesCollectionViewCell.xib; sourceTree = "<group>"; };
		D1F048612A3DF05B005D6965 /* CollectionTableViewCell.swift */ = {isa = PBXFileReference; lastKnownFileType = sourcecode.swift; path = CollectionTableViewCell.swift; sourceTree = "<group>"; };
		D1F048622A3DF05B005D6965 /* CollectionTableViewCell.xib */ = {isa = PBXFileReference; lastKnownFileType = file.xib; path = CollectionTableViewCell.xib; sourceTree = "<group>"; };
		D1F048662A3DF251005D6965 /* UIViewController+Ext.swift */ = {isa = PBXFileReference; lastKnownFileType = sourcecode.swift; path = "UIViewController+Ext.swift"; sourceTree = "<group>"; };
		D1F048732A3E10FF005D6965 /* HeaderView.swift */ = {isa = PBXFileReference; lastKnownFileType = sourcecode.swift; path = HeaderView.swift; sourceTree = "<group>"; };
		D1F048752A3E1109005D6965 /* HeaderView.xib */ = {isa = PBXFileReference; lastKnownFileType = file.xib; path = HeaderView.xib; sourceTree = "<group>"; };
		D1F048772A3F4EE2005D6965 /* String+Ext.swift */ = {isa = PBXFileReference; lastKnownFileType = sourcecode.swift; path = "String+Ext.swift"; sourceTree = "<group>"; };
		D1F048792A3F501C005D6965 /* UIView+Ext.swift */ = {isa = PBXFileReference; lastKnownFileType = sourcecode.swift; path = "UIView+Ext.swift"; sourceTree = "<group>"; };
		D1F0487B2A40ED44005D6965 /* NetworkServices.swift */ = {isa = PBXFileReference; lastKnownFileType = sourcecode.swift; path = NetworkServices.swift; sourceTree = "<group>"; };
		D1F0487E2A40FE0A005D6965 /* NowPlayingMovies.swift */ = {isa = PBXFileReference; lastKnownFileType = sourcecode.swift; path = NowPlayingMovies.swift; sourceTree = "<group>"; };
		D1F048802A40FE67005D6965 /* NowPlayingMoviesResults.swift */ = {isa = PBXFileReference; lastKnownFileType = sourcecode.swift; path = NowPlayingMoviesResults.swift; sourceTree = "<group>"; };
		D1F048822A40FE99005D6965 /* Date.swift */ = {isa = PBXFileReference; lastKnownFileType = sourcecode.swift; path = Date.swift; sourceTree = "<group>"; };
		D1F048852A40FF38005D6965 /* PopularMovies.swift */ = {isa = PBXFileReference; lastKnownFileType = sourcecode.swift; path = PopularMovies.swift; sourceTree = "<group>"; };
		D1F048872A40FF5D005D6965 /* PopularMoviesResults.swift */ = {isa = PBXFileReference; lastKnownFileType = sourcecode.swift; path = PopularMoviesResults.swift; sourceTree = "<group>"; };
		D1F0488A2A41000B005D6965 /* TopRatedMovies.swift */ = {isa = PBXFileReference; lastKnownFileType = sourcecode.swift; path = TopRatedMovies.swift; sourceTree = "<group>"; };
		D1F0488C2A41002E005D6965 /* TopRatedMoviesResults.swift */ = {isa = PBXFileReference; lastKnownFileType = sourcecode.swift; path = TopRatedMoviesResults.swift; sourceTree = "<group>"; };
		D1F048902A4100C2005D6965 /* UpcomingMovies.swift */ = {isa = PBXFileReference; lastKnownFileType = sourcecode.swift; path = UpcomingMovies.swift; sourceTree = "<group>"; };
		D1F048922A4100ED005D6965 /* UpcomingMoviesResults.swift */ = {isa = PBXFileReference; lastKnownFileType = sourcecode.swift; path = UpcomingMoviesResults.swift; sourceTree = "<group>"; };
		D1F048962A4101D4005D6965 /* Genre.swift */ = {isa = PBXFileReference; lastKnownFileType = sourcecode.swift; path = Genre.swift; sourceTree = "<group>"; };
		D1F048982A4101FF005D6965 /* ProductionCompany.swift */ = {isa = PBXFileReference; lastKnownFileType = sourcecode.swift; path = ProductionCompany.swift; sourceTree = "<group>"; };
		D1F0489A2A41022E005D6965 /* ProductionCountry.swift */ = {isa = PBXFileReference; lastKnownFileType = sourcecode.swift; path = ProductionCountry.swift; sourceTree = "<group>"; };
		D1F0489C2A41024F005D6965 /* SpokenLanguage.swift */ = {isa = PBXFileReference; lastKnownFileType = sourcecode.swift; path = SpokenLanguage.swift; sourceTree = "<group>"; };
		D1F0489E2A410273005D6965 /* MovieDetail.swift */ = {isa = PBXFileReference; lastKnownFileType = sourcecode.swift; path = MovieDetail.swift; sourceTree = "<group>"; };
		D1F048A12A41038E005D6965 /* Cast.swift */ = {isa = PBXFileReference; lastKnownFileType = sourcecode.swift; path = Cast.swift; sourceTree = "<group>"; };
		D1F048A32A4103BA005D6965 /* Crew.swift */ = {isa = PBXFileReference; lastKnownFileType = sourcecode.swift; path = Crew.swift; sourceTree = "<group>"; };
		D1F048A52A4103E4005D6965 /* MovieCredits.swift */ = {isa = PBXFileReference; lastKnownFileType = sourcecode.swift; path = MovieCredits.swift; sourceTree = "<group>"; };
		D1F048A82A410453005D6965 /* Keyword.swift */ = {isa = PBXFileReference; lastKnownFileType = sourcecode.swift; path = Keyword.swift; sourceTree = "<group>"; };
		D1F048AA2A410483005D6965 /* MovieKeywords.swift */ = {isa = PBXFileReference; lastKnownFileType = sourcecode.swift; path = MovieKeywords.swift; sourceTree = "<group>"; };
		D1F048AD2A410562005D6965 /* RecommendationResults.swift */ = {isa = PBXFileReference; lastKnownFileType = sourcecode.swift; path = RecommendationResults.swift; sourceTree = "<group>"; };
		D1F048AF2A410592005D6965 /* MovieRecommendations.swift */ = {isa = PBXFileReference; lastKnownFileType = sourcecode.swift; path = MovieRecommendations.swift; sourceTree = "<group>"; };
		D1F048B22A410607005D6965 /* SimilarMovieResults.swift */ = {isa = PBXFileReference; lastKnownFileType = sourcecode.swift; path = SimilarMovieResults.swift; sourceTree = "<group>"; };
		D1F048B42A410626005D6965 /* SimilarMovies.swift */ = {isa = PBXFileReference; lastKnownFileType = sourcecode.swift; path = SimilarMovies.swift; sourceTree = "<group>"; };
		E3E427E0C7C4F22A5771A8B8 /* Pods-tmbdAPITests.debug.xcconfig */ = {isa = PBXFileReference; includeInIndex = 1; lastKnownFileType = text.xcconfig; name = "Pods-tmbdAPITests.debug.xcconfig"; path = "Target Support Files/Pods-tmbdAPITests/Pods-tmbdAPITests.debug.xcconfig"; sourceTree = "<group>"; };
/* End PBXFileReference section */

/* Begin PBXFrameworksBuildPhase section */
		D1074D772A36093300906579 /* Frameworks */ = {
			isa = PBXFrameworksBuildPhase;
			buildActionMask = 2147483647;
			files = (
				D11D5CB12A4B81E300D4D194 /* FirebaseFunctions in Frameworks */,
				D11D5CA72A4B81E300D4D194 /* FirebaseDatabaseSwift in Frameworks */,
				D11D5CB72A4B81E300D4D194 /* FirebaseInAppMessagingSwift-Beta in Frameworks */,
				D11D5CBD2A4B81E300D4D194 /* FirebaseMessaging in Frameworks */,
				D11D5C9D2A4B81E300D4D194 /* FirebaseAppDistribution-Beta in Frameworks */,
				D11D5CA12A4B81E300D4D194 /* FirebaseAuthCombine-Community in Frameworks */,
				D11D5CAD2A4B81E300D4D194 /* FirebaseFirestoreCombine-Community in Frameworks */,
				D11D5C972A4B81E300D4D194 /* FirebaseAnalyticsSwift in Frameworks */,
				D11D5CBB2A4B81E300D4D194 /* FirebaseMLModelDownloader in Frameworks */,
				D11D5C992A4B81E300D4D194 /* FirebaseAnalyticsWithoutAdIdSupport in Frameworks */,
				D11D5C932A4B81E300D4D194 /* FirebaseAnalytics in Frameworks */,
				D11D5CAF2A4B81E300D4D194 /* FirebaseFirestoreSwift in Frameworks */,
				D11D5C952A4B81E300D4D194 /* FirebaseAnalyticsOnDeviceConversion in Frameworks */,
				D11D5C9B2A4B81E300D4D194 /* FirebaseAppCheck in Frameworks */,
				D11D5CBF2A4B81E300D4D194 /* FirebasePerformance in Frameworks */,
				D11D5CB52A4B81E300D4D194 /* FirebaseInAppMessaging-Beta in Frameworks */,
				D11D5CB32A4B81E300D4D194 /* FirebaseFunctionsCombine-Community in Frameworks */,
				D11D5CA32A4B81E300D4D194 /* FirebaseCrashlytics in Frameworks */,
				D11D5CB92A4B81E300D4D194 /* FirebaseInstallations in Frameworks */,
				D11D5CC12A4B81E300D4D194 /* FirebaseRemoteConfig in Frameworks */,
				D11D5CC52A4B81E300D4D194 /* FirebaseStorage in Frameworks */,
				D11D5CA52A4B81E300D4D194 /* FirebaseDatabase in Frameworks */,
				D11D5CC72A4B81E300D4D194 /* FirebaseStorageCombine-Community in Frameworks */,
				1D353D4EA42FC1E4880F1DB1 /* Pods_tmbdAPI.framework in Frameworks */,
				D11D5C9F2A4B81E300D4D194 /* FirebaseAuth in Frameworks */,
				D11D5CA92A4B81E300D4D194 /* FirebaseDynamicLinks in Frameworks */,
				D11D5CAB2A4B81E300D4D194 /* FirebaseFirestore in Frameworks */,
				D11D5CC32A4B81E300D4D194 /* FirebaseRemoteConfigSwift in Frameworks */,
			);
			runOnlyForDeploymentPostprocessing = 0;
		};
		D1074D902A36093500906579 /* Frameworks */ = {
			isa = PBXFrameworksBuildPhase;
			buildActionMask = 2147483647;
			files = (
				A2E2FEF330133A5D5B9A2E45 /* Pods_tmbdAPITests.framework in Frameworks */,
			);
			runOnlyForDeploymentPostprocessing = 0;
		};
		D1074D9A2A36093500906579 /* Frameworks */ = {
			isa = PBXFrameworksBuildPhase;
			buildActionMask = 2147483647;
			files = (
				81A3E5FEE214915FEACB4685 /* Pods_tmbdAPI_tmbdAPIUITests.framework in Frameworks */,
			);
			runOnlyForDeploymentPostprocessing = 0;
		};
/* End PBXFrameworksBuildPhase section */

/* Begin PBXGroup section */
		B0B0A3E17AB44F95894607A1 /* Pods */ = {
			isa = PBXGroup;
			children = (
				C25FC9E60CE6688C9C57ED3A /* Pods-tmbdAPI.debug.xcconfig */,
				7C3B5F9AAC379584F3A345BB /* Pods-tmbdAPI.release.xcconfig */,
				CDB3C8629D408B83B697541E /* Pods-tmbdAPI-tmbdAPIUITests.debug.xcconfig */,
				2FEB8DC1A7E568FD5E450F60 /* Pods-tmbdAPI-tmbdAPIUITests.release.xcconfig */,
				E3E427E0C7C4F22A5771A8B8 /* Pods-tmbdAPITests.debug.xcconfig */,
				555AA9B6BA4090008E6A9078 /* Pods-tmbdAPITests.release.xcconfig */,
			);
			path = Pods;
			sourceTree = "<group>";
		};
		D1074D712A36093300906579 = {
			isa = PBXGroup;
			children = (
				D1074D7C2A36093300906579 /* tmbdAPI */,
				D1074D962A36093500906579 /* tmbdAPITests */,
				D1074DA02A36093500906579 /* tmbdAPIUITests */,
				D1074D7B2A36093300906579 /* Products */,
				B0B0A3E17AB44F95894607A1 /* Pods */,
				EE2ABA9748BC7BB8C944A477 /* Frameworks */,
			);
			sourceTree = "<group>";
		};
		D1074D7B2A36093300906579 /* Products */ = {
			isa = PBXGroup;
			children = (
				D1074D7A2A36093300906579 /* tmbdAPI.app */,
				D1074D932A36093500906579 /* tmbdAPITests.xctest */,
				D1074D9D2A36093500906579 /* tmbdAPIUITests.xctest */,
			);
			name = Products;
			sourceTree = "<group>";
		};
		D1074D7C2A36093300906579 /* tmbdAPI */ = {
			isa = PBXGroup;
			children = (
				D1074DB02A3609AF00906579 /* Services */,
				D1074DB12A3609C400906579 /* Models */,
				D1F048652A3DF220005D6965 /* Extensions */,
				D17BC93C2A39126F0071B9A2 /* UI */,
				D1074D7D2A36093300906579 /* AppDelegate.swift */,
				D1074D7F2A36093300906579 /* SceneDelegate.swift */,
				D1074D892A36093500906579 /* Assets.xcassets */,
				D11D5C8F2A4B7F3F00D4D194 /* GoogleService-Info.plist */,
				D1074D8B2A36093500906579 /* LaunchScreen.storyboard */,
				D1074D8E2A36093500906579 /* Info.plist */,
				D1074D862A36093400906579 /* tmbdAPI.xcdatamodeld */,
			);
			path = tmbdAPI;
			sourceTree = "<group>";
		};
		D1074D962A36093500906579 /* tmbdAPITests */ = {
			isa = PBXGroup;
			children = (
				D1074D972A36093500906579 /* tmbdAPITests.swift */,
			);
			path = tmbdAPITests;
			sourceTree = "<group>";
		};
		D1074DA02A36093500906579 /* tmbdAPIUITests */ = {
			isa = PBXGroup;
			children = (
				D1074DA12A36093500906579 /* tmbdAPIUITests.swift */,
				D1074DA32A36093500906579 /* tmbdAPIUITestsLaunchTests.swift */,
			);
			path = tmbdAPIUITests;
			sourceTree = "<group>";
		};
		D1074DB02A3609AF00906579 /* Services */ = {
			isa = PBXGroup;
			children = (
				D1F0487B2A40ED44005D6965 /* NetworkServices.swift */,
				D14C37252A44404100F3554E /* ServiceError.swift */,
			);
			path = Services;
			sourceTree = "<group>";
		};
		D1074DB12A3609C400906579 /* Models */ = {
			isa = PBXGroup;
			children = (
				D14C36F22A430CF100F3554E /* CellModels */,
				D1F0488F2A4100A6005D6965 /* MoviesResponseModels */,
				D11D5CF22A4F460500D4D194 /* PersonResponseModels */,
				D11D5CE02A4E1F3A00D4D194 /* LoggedUser.swift */,
			);
			path = Models;
			sourceTree = "<group>";
		};
		D1074DB22A3609CA00906579 /* Controllers */ = {
			isa = PBXGroup;
			children = (
				D11D5CEB2A4F268A00D4D194 /* ActorDetail */,
				D11D5CEA2A4F268100D4D194 /* WatchLater */,
				D11D5CE92A4F267800D4D194 /* Favorites */,
				D11D5CE22A4F0CED00D4D194 /* Profile */,
				D1074DB62A360A6000906579 /* Home */,
				D1074DB42A360A3700906579 /* Upcoming */,
				D1074DD32A390D8800906579 /* Search */,
				D1074DB52A360A5400906579 /* Detail */,
				D11D5CDB2A4E196900D4D194 /* Onboarding */,
			);
			path = Controllers;
			sourceTree = "<group>";
		};
		D1074DB32A3609F400906579 /* BaseTabbar */ = {
			isa = PBXGroup;
			children = (
				D1074D812A36093300906579 /* BaseTabBarController.swift */,
				D11D5CDC2A4E1A0D00D4D194 /* BaseTabbarStoryboard.storyboard */,
			);
			path = BaseTabbar;
			sourceTree = "<group>";
		};
		D1074DB42A360A3700906579 /* Upcoming */ = {
			isa = PBXGroup;
			children = (
				D1074DB92A38F9AF00906579 /* UpcomingViewController.swift */,
				D1074DBB2A38F9BB00906579 /* UpcomingViewModel.swift */,
				D1074DCB2A38FFDD00906579 /* UpcomingStoryboard.storyboard */,
			);
			path = Upcoming;
			sourceTree = "<group>";
		};
		D1074DB52A360A5400906579 /* Detail */ = {
			isa = PBXGroup;
			children = (
				D1074DBD2A38F9CD00906579 /* DetailsViewController.swift */,
				D1074DBF2A38F9D700906579 /* DetailsViewModel.swift */,
				D1074DD02A38FFF200906579 /* DetailsStoryboard.storyboard */,
			);
			path = Detail;
			sourceTree = "<group>";
		};
		D1074DB62A360A6000906579 /* Home */ = {
			isa = PBXGroup;
			children = (
				D1074DC12A38FC2100906579 /* HomeViewController.swift */,
				D1074DC32A38FC2B00906579 /* HomeViewModel.swift */,
				D1074DC92A38FFD300906579 /* HomeStoryboard.storyboard */,
			);
			path = Home;
			sourceTree = "<group>";
		};
		D1074DD32A390D8800906579 /* Search */ = {
			isa = PBXGroup;
			children = (
				D1074DD42A390DA100906579 /* SearchViewController.swift */,
				D1074DD62A390DAC00906579 /* SearchViewModel.swift */,
				D1074DD82A390DB800906579 /* SearchStoryboard.storyboard */,
			);
			path = Search;
			sourceTree = "<group>";
		};
		D11D5CC82A4CCCAE00D4D194 /* Login */ = {
			isa = PBXGroup;
			children = (
				D11D5CC92A4CCD1200D4D194 /* LoginViewController.swift */,
				D11D5CCB2A4CCD2000D4D194 /* LoginViewModel.swift */,
				D1074D832A36093400906579 /* Main.storyboard */,
			);
			path = Login;
			sourceTree = "<group>";
		};
		D11D5CCF2A4CE8A300D4D194 /* SignUp */ = {
			isa = PBXGroup;
			children = (
				D11D5CD02A4CE8BC00D4D194 /* SignUpViewController.swift */,
				D11D5CD22A4CE8CA00D4D194 /* SignUpViewModel.swift */,
				D11D5CD42A4CE8DF00D4D194 /* SignUpStoryboard.storyboard */,
			);
			path = SignUp;
			sourceTree = "<group>";
		};
		D11D5CD62A4DD44900D4D194 /* TextFieldView */ = {
			isa = PBXGroup;
			children = (
				D11D5CD72A4DD46200D4D194 /* TextFieldView.swift */,
				D11D5CD92A4DD47900D4D194 /* TextFieldView.xib */,
			);
			path = TextFieldView;
			sourceTree = "<group>";
		};
		D11D5CDB2A4E196900D4D194 /* Onboarding */ = {
			isa = PBXGroup;
			children = (
				D11D5CC82A4CCCAE00D4D194 /* Login */,
				D11D5CCF2A4CE8A300D4D194 /* SignUp */,
			);
			path = Onboarding;
			sourceTree = "<group>";
		};
		D11D5CE22A4F0CED00D4D194 /* Profile */ = {
			isa = PBXGroup;
			children = (
				D11D5CE32A4F0D0000D4D194 /* ProfileViewController.swift */,
				D11D5CE52A4F0D0C00D4D194 /* ProfileViewModel.swift */,
				D11D5CE72A4F0D1800D4D194 /* ProfileStoryboard.storyboard */,
			);
			path = Profile;
			sourceTree = "<group>";
		};
		D11D5CE92A4F267800D4D194 /* Favorites */ = {
			isa = PBXGroup;
			children = (
			);
			path = Favorites;
			sourceTree = "<group>";
		};
		D11D5CEA2A4F268100D4D194 /* WatchLater */ = {
			isa = PBXGroup;
			children = (
			);
			path = WatchLater;
			sourceTree = "<group>";
		};
		D11D5CEB2A4F268A00D4D194 /* ActorDetail */ = {
			isa = PBXGroup;
			children = (
				D11D5CEC2A4F26B000D4D194 /* ActorDetailViewController.swift */,
				D11D5CEE2A4F26C300D4D194 /* ActorDetailViewModel.swift */,
				D11D5CF02A4F26D700D4D194 /* ActorDetailStoryboard.storyboard */,
			);
			path = ActorDetail;
			sourceTree = "<group>";
		};
		D11D5CF22A4F460500D4D194 /* PersonResponseModels */ = {
			isa = PBXGroup;
			children = (
				D11D5CF42A4F462D00D4D194 /* PersonDetail.swift */,
				D11D5CF62A4F488E00D4D194 /* PersonsMovies */,
			);
			path = PersonResponseModels;
			sourceTree = "<group>";
		};
		D11D5CF62A4F488E00D4D194 /* PersonsMovies */ = {
			isa = PBXGroup;
			children = (
				D11D5CFC2A4F494D00D4D194 /* PersonMovies.swift */,
				D11D5CFA2A4F492400D4D194 /* PersonsMoviesCrew.swift */,
				D11D5CF82A4F48F200D4D194 /* PersonsMoviesCasts.swift */,
			);
			path = PersonsMovies;
			sourceTree = "<group>";
		};
		D14C36EB2A42FC3E00F3554E /* Base */ = {
			isa = PBXGroup;
			children = (
				D1074DB32A3609F400906579 /* BaseTabbar */,
				D14C36EC2A42FC6200F3554E /* BaseViewController.swift */,
				D14C36F02A42FCCA00F3554E /* BaseViewModel.swift */,
				D14C37212A443F5200F3554E /* BaseSceneDelegate.swift */,
				D14C37232A443F8400F3554E /* NetworkMonitor.swift */,
			);
			path = Base;
			sourceTree = "<group>";
		};
		D14C36F22A430CF100F3554E /* CellModels */ = {
			isa = PBXGroup;
			children = (
				D14C36F32A430D0300F3554E /* CellModel.swift */,
				D14C36F52A430D6900F3554E /* CellModelItems.swift */,
			);
			path = CellModels;
			sourceTree = "<group>";
		};
		D14C36FB2A43536900F3554E /* SearchedMoviesResponseModel */ = {
			isa = PBXGroup;
			children = (
				D14C36FE2A4353B100F3554E /* SearchResponse.swift */,
				D14C36FC2A43538700F3554E /* SearchedMoviesResults.swift */,
			);
			path = SearchedMoviesResponseModel;
			sourceTree = "<group>";
		};
		D14C370B2A43ADB300F3554E /* DetailInfoView */ = {
			isa = PBXGroup;
			children = (
				D14C370C2A43ADD200F3554E /* DetailInfoView.swift */,
				D14C370E2A43ADEF00F3554E /* DetailInfoView.xib */,
			);
			path = DetailInfoView;
			sourceTree = "<group>";
		};
		D14C371A2A43C27E00F3554E /* CastCollectionViewCell */ = {
			isa = PBXGroup;
			children = (
				D14C371B2A43C28F00F3554E /* CastCollectionViewCell.swift */,
				D14C371C2A43C28F00F3554E /* CastCollectionViewCell.xib */,
			);
			path = CastCollectionViewCell;
			sourceTree = "<group>";
		};
		D17BC93B2A3912640071B9A2 /* CustomViews */ = {
			isa = PBXGroup;
			children = (
				D11D5CD62A4DD44900D4D194 /* TextFieldView */,
				D14C370B2A43ADB300F3554E /* DetailInfoView */,
				D1F048722A3E10EC005D6965 /* HeaderView */,
				D17BC93D2A39127B0071B9A2 /* TableViews */,
				D17BC93E2A3912870071B9A2 /* CollectionViews */,
			);
			path = CustomViews;
			sourceTree = "<group>";
		};
		D17BC93C2A39126F0071B9A2 /* UI */ = {
			isa = PBXGroup;
			children = (
				D1074DB22A3609CA00906579 /* Controllers */,
				D17BC93B2A3912640071B9A2 /* CustomViews */,
				D14C36EB2A42FC3E00F3554E /* Base */,
			);
			path = UI;
			sourceTree = "<group>";
		};
		D17BC93D2A39127B0071B9A2 /* TableViews */ = {
			isa = PBXGroup;
			children = (
				D1F048602A3DF039005D6965 /* CollectionTableViewCell */,
				D17BC9402A3912FA0071B9A2 /* DetailedTableView */,
			);
			path = TableViews;
			sourceTree = "<group>";
		};
		D17BC93E2A3912870071B9A2 /* CollectionViews */ = {
			isa = PBXGroup;
			children = (
				D14C371A2A43C27E00F3554E /* CastCollectionViewCell */,
				D17BC9412A3913130071B9A2 /* MoviesCollectionViewCell */,
			);
			path = CollectionViews;
			sourceTree = "<group>";
		};
		D17BC9402A3912FA0071B9A2 /* DetailedTableView */ = {
			isa = PBXGroup;
			children = (
				D17BC9422A3913330071B9A2 /* DetailedTableViewCell.swift */,
				D17BC9432A3913330071B9A2 /* DetailedTableViewCell.xib */,
			);
			path = DetailedTableView;
			sourceTree = "<group>";
		};
		D17BC9412A3913130071B9A2 /* MoviesCollectionViewCell */ = {
			isa = PBXGroup;
			children = (
				D1A176CA2A3DE9A4000D24E2 /* MoviesCollectionViewCell.swift */,
				D1A176CB2A3DE9A4000D24E2 /* MoviesCollectionViewCell.xib */,
			);
			path = MoviesCollectionViewCell;
			sourceTree = "<group>";
		};
		D1F048602A3DF039005D6965 /* CollectionTableViewCell */ = {
			isa = PBXGroup;
			children = (
				D1F048612A3DF05B005D6965 /* CollectionTableViewCell.swift */,
				D1F048622A3DF05B005D6965 /* CollectionTableViewCell.xib */,
			);
			path = CollectionTableViewCell;
			sourceTree = "<group>";
		};
		D1F048652A3DF220005D6965 /* Extensions */ = {
			isa = PBXGroup;
			children = (
				D1F048662A3DF251005D6965 /* UIViewController+Ext.swift */,
				D1F048772A3F4EE2005D6965 /* String+Ext.swift */,
				D1F048792A3F501C005D6965 /* UIView+Ext.swift */,
				D14C36F72A432FDD00F3554E /* UIImageView+Ext.swift */,
				D14C36F92A4343A600F3554E /* UIColor+Ext.swift */,
				D11D5CDE2A4E1EBE00D4D194 /* UserDefaults+Ext.swift */,
			);
			path = Extensions;
			sourceTree = "<group>";
		};
		D1F048722A3E10EC005D6965 /* HeaderView */ = {
			isa = PBXGroup;
			children = (
				D1F048732A3E10FF005D6965 /* HeaderView.swift */,
				D1F048752A3E1109005D6965 /* HeaderView.xib */,
			);
			path = HeaderView;
			sourceTree = "<group>";
		};
		D1F0487D2A40FDE1005D6965 /* NowPlayingMoviesResponseModels */ = {
			isa = PBXGroup;
			children = (
				D1F0487E2A40FE0A005D6965 /* NowPlayingMovies.swift */,
				D1F048802A40FE67005D6965 /* NowPlayingMoviesResults.swift */,
			);
			path = NowPlayingMoviesResponseModels;
			sourceTree = "<group>";
		};
		D1F048842A40FF02005D6965 /* PopularMoviesResponseModels */ = {
			isa = PBXGroup;
			children = (
				D1F048852A40FF38005D6965 /* PopularMovies.swift */,
				D1F048872A40FF5D005D6965 /* PopularMoviesResults.swift */,
			);
			path = PopularMoviesResponseModels;
			sourceTree = "<group>";
		};
		D1F048892A40FFE7005D6965 /* TopRatedMoviesResponseModels */ = {
			isa = PBXGroup;
			children = (
				D1F0488A2A41000B005D6965 /* TopRatedMovies.swift */,
				D1F0488C2A41002E005D6965 /* TopRatedMoviesResults.swift */,
			);
			path = TopRatedMoviesResponseModels;
			sourceTree = "<group>";
		};
		D1F0488E2A410090005D6965 /* UpcomingMoviesResponseModels */ = {
			isa = PBXGroup;
			children = (
				D1F048902A4100C2005D6965 /* UpcomingMovies.swift */,
				D1F048922A4100ED005D6965 /* UpcomingMoviesResults.swift */,
			);
			path = UpcomingMoviesResponseModels;
			sourceTree = "<group>";
		};
		D1F0488F2A4100A6005D6965 /* MoviesResponseModels */ = {
			isa = PBXGroup;
			children = (
				D1F0487D2A40FDE1005D6965 /* NowPlayingMoviesResponseModels */,
				D1F048842A40FF02005D6965 /* PopularMoviesResponseModels */,
				D1F048892A40FFE7005D6965 /* TopRatedMoviesResponseModels */,
				D1F0488E2A410090005D6965 /* UpcomingMoviesResponseModels */,
				D1F048942A4101A1005D6965 /* MovieDetailResponseModels */,
				D1F048A02A41036A005D6965 /* MovieCreditsResponseModels */,
				D1F048A72A41042A005D6965 /* MovieKeywordsResponseModels */,
				D1F048AC2A410521005D6965 /* MovieRecommendationsResponseModels */,
				D1F048B12A4105EB005D6965 /* SimilarMovieResponseModel */,
				D14C36FB2A43536900F3554E /* SearchedMoviesResponseModel */,
				D1F048822A40FE99005D6965 /* Date.swift */,
			);
			path = MoviesResponseModels;
			sourceTree = "<group>";
		};
		D1F048942A4101A1005D6965 /* MovieDetailResponseModels */ = {
			isa = PBXGroup;
			children = (
				D1F0489E2A410273005D6965 /* MovieDetail.swift */,
				D1F0489C2A41024F005D6965 /* SpokenLanguage.swift */,
				D1F0489A2A41022E005D6965 /* ProductionCountry.swift */,
				D1F048982A4101FF005D6965 /* ProductionCompany.swift */,
				D1F048962A4101D4005D6965 /* Genre.swift */,
				D14C371F2A43DB4F00F3554E /* BelongToCollection.swift */,
			);
			path = MovieDetailResponseModels;
			sourceTree = "<group>";
		};
		D1F048A02A41036A005D6965 /* MovieCreditsResponseModels */ = {
			isa = PBXGroup;
			children = (
				D1F048A52A4103E4005D6965 /* MovieCredits.swift */,
				D1F048A32A4103BA005D6965 /* Crew.swift */,
				D1F048A12A41038E005D6965 /* Cast.swift */,
			);
			path = MovieCreditsResponseModels;
			sourceTree = "<group>";
		};
		D1F048A72A41042A005D6965 /* MovieKeywordsResponseModels */ = {
			isa = PBXGroup;
			children = (
				D1F048AA2A410483005D6965 /* MovieKeywords.swift */,
				D1F048A82A410453005D6965 /* Keyword.swift */,
			);
			path = MovieKeywordsResponseModels;
			sourceTree = "<group>";
		};
		D1F048AC2A410521005D6965 /* MovieRecommendationsResponseModels */ = {
			isa = PBXGroup;
			children = (
				D1F048AF2A410592005D6965 /* MovieRecommendations.swift */,
				D1F048AD2A410562005D6965 /* RecommendationResults.swift */,
			);
			path = MovieRecommendationsResponseModels;
			sourceTree = "<group>";
		};
		D1F048B12A4105EB005D6965 /* SimilarMovieResponseModel */ = {
			isa = PBXGroup;
			children = (
				D1F048B42A410626005D6965 /* SimilarMovies.swift */,
				D1F048B22A410607005D6965 /* SimilarMovieResults.swift */,
			);
			path = SimilarMovieResponseModel;
			sourceTree = "<group>";
		};
		EE2ABA9748BC7BB8C944A477 /* Frameworks */ = {
			isa = PBXGroup;
			children = (
				6672EE46D35B0F9FD73F0B39 /* Pods_tmbdAPI.framework */,
				4EA78C128F701F92ECE817CA /* Pods_tmbdAPI_tmbdAPIUITests.framework */,
				0CEBD1338AD4A01EF65595D4 /* Pods_tmbdAPITests.framework */,
			);
			name = Frameworks;
			sourceTree = "<group>";
		};
/* End PBXGroup section */

/* Begin PBXNativeTarget section */
		D1074D792A36093300906579 /* tmbdAPI */ = {
			isa = PBXNativeTarget;
			buildConfigurationList = D1074DA72A36093500906579 /* Build configuration list for PBXNativeTarget "tmbdAPI" */;
			buildPhases = (
				D7EA6EDD79F806ADBB81C9C4 /* [CP] Check Pods Manifest.lock */,
				D1074D762A36093300906579 /* Sources */,
				D1074D772A36093300906579 /* Frameworks */,
				D1074D782A36093300906579 /* Resources */,
			);
			buildRules = (
			);
			dependencies = (
			);
			name = tmbdAPI;
			packageProductDependencies = (
				D11D5C922A4B81E300D4D194 /* FirebaseAnalytics */,
				D11D5C942A4B81E300D4D194 /* FirebaseAnalyticsOnDeviceConversion */,
				D11D5C962A4B81E300D4D194 /* FirebaseAnalyticsSwift */,
				D11D5C982A4B81E300D4D194 /* FirebaseAnalyticsWithoutAdIdSupport */,
				D11D5C9A2A4B81E300D4D194 /* FirebaseAppCheck */,
				D11D5C9C2A4B81E300D4D194 /* FirebaseAppDistribution-Beta */,
				D11D5C9E2A4B81E300D4D194 /* FirebaseAuth */,
				D11D5CA02A4B81E300D4D194 /* FirebaseAuthCombine-Community */,
				D11D5CA22A4B81E300D4D194 /* FirebaseCrashlytics */,
				D11D5CA42A4B81E300D4D194 /* FirebaseDatabase */,
				D11D5CA62A4B81E300D4D194 /* FirebaseDatabaseSwift */,
				D11D5CA82A4B81E300D4D194 /* FirebaseDynamicLinks */,
				D11D5CAA2A4B81E300D4D194 /* FirebaseFirestore */,
				D11D5CAC2A4B81E300D4D194 /* FirebaseFirestoreCombine-Community */,
				D11D5CAE2A4B81E300D4D194 /* FirebaseFirestoreSwift */,
				D11D5CB02A4B81E300D4D194 /* FirebaseFunctions */,
				D11D5CB22A4B81E300D4D194 /* FirebaseFunctionsCombine-Community */,
				D11D5CB42A4B81E300D4D194 /* FirebaseInAppMessaging-Beta */,
				D11D5CB62A4B81E300D4D194 /* FirebaseInAppMessagingSwift-Beta */,
				D11D5CB82A4B81E300D4D194 /* FirebaseInstallations */,
				D11D5CBA2A4B81E300D4D194 /* FirebaseMLModelDownloader */,
				D11D5CBC2A4B81E300D4D194 /* FirebaseMessaging */,
				D11D5CBE2A4B81E300D4D194 /* FirebasePerformance */,
				D11D5CC02A4B81E300D4D194 /* FirebaseRemoteConfig */,
				D11D5CC22A4B81E300D4D194 /* FirebaseRemoteConfigSwift */,
				D11D5CC42A4B81E300D4D194 /* FirebaseStorage */,
				D11D5CC62A4B81E300D4D194 /* FirebaseStorageCombine-Community */,
			);
			productName = tmbdAPI;
			productReference = D1074D7A2A36093300906579 /* tmbdAPI.app */;
			productType = "com.apple.product-type.application";
		};
		D1074D922A36093500906579 /* tmbdAPITests */ = {
			isa = PBXNativeTarget;
			buildConfigurationList = D1074DAA2A36093500906579 /* Build configuration list for PBXNativeTarget "tmbdAPITests" */;
			buildPhases = (
				725F9BD65057BFB634CB5E17 /* [CP] Check Pods Manifest.lock */,
				D1074D8F2A36093500906579 /* Sources */,
				D1074D902A36093500906579 /* Frameworks */,
				D1074D912A36093500906579 /* Resources */,
			);
			buildRules = (
			);
			dependencies = (
				D1074D952A36093500906579 /* PBXTargetDependency */,
			);
			name = tmbdAPITests;
			productName = tmbdAPITests;
			productReference = D1074D932A36093500906579 /* tmbdAPITests.xctest */;
			productType = "com.apple.product-type.bundle.unit-test";
		};
		D1074D9C2A36093500906579 /* tmbdAPIUITests */ = {
			isa = PBXNativeTarget;
			buildConfigurationList = D1074DAD2A36093500906579 /* Build configuration list for PBXNativeTarget "tmbdAPIUITests" */;
			buildPhases = (
				CB45D5A672EE12563CEFD118 /* [CP] Check Pods Manifest.lock */,
				D1074D992A36093500906579 /* Sources */,
				D1074D9A2A36093500906579 /* Frameworks */,
				D1074D9B2A36093500906579 /* Resources */,
			);
			buildRules = (
			);
			dependencies = (
				D1074D9F2A36093500906579 /* PBXTargetDependency */,
			);
			name = tmbdAPIUITests;
			productName = tmbdAPIUITests;
			productReference = D1074D9D2A36093500906579 /* tmbdAPIUITests.xctest */;
			productType = "com.apple.product-type.bundle.ui-testing";
		};
/* End PBXNativeTarget section */

/* Begin PBXProject section */
		D1074D722A36093300906579 /* Project object */ = {
			isa = PBXProject;
			attributes = {
				BuildIndependentTargetsInParallel = 1;
				LastSwiftUpdateCheck = 1430;
				LastUpgradeCheck = 1430;
				TargetAttributes = {
					D1074D792A36093300906579 = {
						CreatedOnToolsVersion = 14.3;
					};
					D1074D922A36093500906579 = {
						CreatedOnToolsVersion = 14.3;
						TestTargetID = D1074D792A36093300906579;
					};
					D1074D9C2A36093500906579 = {
						CreatedOnToolsVersion = 14.3;
						TestTargetID = D1074D792A36093300906579;
					};
				};
			};
			buildConfigurationList = D1074D752A36093300906579 /* Build configuration list for PBXProject "tmbdAPI" */;
			compatibilityVersion = "Xcode 14.0";
			developmentRegion = en;
			hasScannedForEncodings = 0;
			knownRegions = (
				en,
				Base,
			);
			mainGroup = D1074D712A36093300906579;
			packageReferences = (
				D11D5C912A4B81E200D4D194 /* XCRemoteSwiftPackageReference "firebase-ios-sdk" */,
			);
			productRefGroup = D1074D7B2A36093300906579 /* Products */;
			projectDirPath = "";
			projectRoot = "";
			targets = (
				D1074D792A36093300906579 /* tmbdAPI */,
				D1074D922A36093500906579 /* tmbdAPITests */,
				D1074D9C2A36093500906579 /* tmbdAPIUITests */,
			);
		};
/* End PBXProject section */

/* Begin PBXResourcesBuildPhase section */
		D1074D782A36093300906579 /* Resources */ = {
			isa = PBXResourcesBuildPhase;
			buildActionMask = 2147483647;
			files = (
				D1074DCC2A38FFDD00906579 /* UpcomingStoryboard.storyboard in Resources */,
				D11D5CD52A4CE8DF00D4D194 /* SignUpStoryboard.storyboard in Resources */,
				D11D5CF12A4F26D700D4D194 /* ActorDetailStoryboard.storyboard in Resources */,
				D1074DD92A390DB800906579 /* SearchStoryboard.storyboard in Resources */,
				D17BC9452A3913330071B9A2 /* DetailedTableViewCell.xib in Resources */,
				D14C370F2A43ADEF00F3554E /* DetailInfoView.xib in Resources */,
				D1F048762A3E1109005D6965 /* HeaderView.xib in Resources */,
				D11D5CDA2A4DD47900D4D194 /* TextFieldView.xib in Resources */,
				D14C371E2A43C28F00F3554E /* CastCollectionViewCell.xib in Resources */,
				D1074DD12A38FFF200906579 /* DetailsStoryboard.storyboard in Resources */,
				D1F048642A3DF05B005D6965 /* CollectionTableViewCell.xib in Resources */,
				D1A176CD2A3DE9A5000D24E2 /* MoviesCollectionViewCell.xib in Resources */,
				D1074D8D2A36093500906579 /* LaunchScreen.storyboard in Resources */,
				D1074D8A2A36093500906579 /* Assets.xcassets in Resources */,
				D1074DCA2A38FFD300906579 /* HomeStoryboard.storyboard in Resources */,
				D1074D852A36093400906579 /* Main.storyboard in Resources */,
				D11D5CE82A4F0D1800D4D194 /* ProfileStoryboard.storyboard in Resources */,
				D11D5CDD2A4E1A0D00D4D194 /* BaseTabbarStoryboard.storyboard in Resources */,
				D11D5C902A4B7F3F00D4D194 /* GoogleService-Info.plist in Resources */,
			);
			runOnlyForDeploymentPostprocessing = 0;
		};
		D1074D912A36093500906579 /* Resources */ = {
			isa = PBXResourcesBuildPhase;
			buildActionMask = 2147483647;
			files = (
			);
			runOnlyForDeploymentPostprocessing = 0;
		};
		D1074D9B2A36093500906579 /* Resources */ = {
			isa = PBXResourcesBuildPhase;
			buildActionMask = 2147483647;
			files = (
			);
			runOnlyForDeploymentPostprocessing = 0;
		};
/* End PBXResourcesBuildPhase section */

/* Begin PBXShellScriptBuildPhase section */
		725F9BD65057BFB634CB5E17 /* [CP] Check Pods Manifest.lock */ = {
			isa = PBXShellScriptBuildPhase;
			buildActionMask = 2147483647;
			files = (
			);
			inputFileListPaths = (
			);
			inputPaths = (
				"${PODS_PODFILE_DIR_PATH}/Podfile.lock",
				"${PODS_ROOT}/Manifest.lock",
			);
			name = "[CP] Check Pods Manifest.lock";
			outputFileListPaths = (
			);
			outputPaths = (
				"$(DERIVED_FILE_DIR)/Pods-tmbdAPITests-checkManifestLockResult.txt",
			);
			runOnlyForDeploymentPostprocessing = 0;
			shellPath = /bin/sh;
			shellScript = "diff \"${PODS_PODFILE_DIR_PATH}/Podfile.lock\" \"${PODS_ROOT}/Manifest.lock\" > /dev/null\nif [ $? != 0 ] ; then\n    # print error to STDERR\n    echo \"error: The sandbox is not in sync with the Podfile.lock. Run 'pod install' or update your CocoaPods installation.\" >&2\n    exit 1\nfi\n# This output is used by Xcode 'outputs' to avoid re-running this script phase.\necho \"SUCCESS\" > \"${SCRIPT_OUTPUT_FILE_0}\"\n";
			showEnvVarsInLog = 0;
		};
		CB45D5A672EE12563CEFD118 /* [CP] Check Pods Manifest.lock */ = {
			isa = PBXShellScriptBuildPhase;
			buildActionMask = 2147483647;
			files = (
			);
			inputFileListPaths = (
			);
			inputPaths = (
				"${PODS_PODFILE_DIR_PATH}/Podfile.lock",
				"${PODS_ROOT}/Manifest.lock",
			);
			name = "[CP] Check Pods Manifest.lock";
			outputFileListPaths = (
			);
			outputPaths = (
				"$(DERIVED_FILE_DIR)/Pods-tmbdAPI-tmbdAPIUITests-checkManifestLockResult.txt",
			);
			runOnlyForDeploymentPostprocessing = 0;
			shellPath = /bin/sh;
			shellScript = "diff \"${PODS_PODFILE_DIR_PATH}/Podfile.lock\" \"${PODS_ROOT}/Manifest.lock\" > /dev/null\nif [ $? != 0 ] ; then\n    # print error to STDERR\n    echo \"error: The sandbox is not in sync with the Podfile.lock. Run 'pod install' or update your CocoaPods installation.\" >&2\n    exit 1\nfi\n# This output is used by Xcode 'outputs' to avoid re-running this script phase.\necho \"SUCCESS\" > \"${SCRIPT_OUTPUT_FILE_0}\"\n";
			showEnvVarsInLog = 0;
		};
		D7EA6EDD79F806ADBB81C9C4 /* [CP] Check Pods Manifest.lock */ = {
			isa = PBXShellScriptBuildPhase;
			buildActionMask = 2147483647;
			files = (
			);
			inputFileListPaths = (
			);
			inputPaths = (
				"${PODS_PODFILE_DIR_PATH}/Podfile.lock",
				"${PODS_ROOT}/Manifest.lock",
			);
			name = "[CP] Check Pods Manifest.lock";
			outputFileListPaths = (
			);
			outputPaths = (
				"$(DERIVED_FILE_DIR)/Pods-tmbdAPI-checkManifestLockResult.txt",
			);
			runOnlyForDeploymentPostprocessing = 0;
			shellPath = /bin/sh;
			shellScript = "diff \"${PODS_PODFILE_DIR_PATH}/Podfile.lock\" \"${PODS_ROOT}/Manifest.lock\" > /dev/null\nif [ $? != 0 ] ; then\n    # print error to STDERR\n    echo \"error: The sandbox is not in sync with the Podfile.lock. Run 'pod install' or update your CocoaPods installation.\" >&2\n    exit 1\nfi\n# This output is used by Xcode 'outputs' to avoid re-running this script phase.\necho \"SUCCESS\" > \"${SCRIPT_OUTPUT_FILE_0}\"\n";
			showEnvVarsInLog = 0;
		};
/* End PBXShellScriptBuildPhase section */

/* Begin PBXSourcesBuildPhase section */
		D1074D762A36093300906579 /* Sources */ = {
			isa = PBXSourcesBuildPhase;
			buildActionMask = 2147483647;
			files = (
				D1F0488D2A41002E005D6965 /* TopRatedMoviesResults.swift in Sources */,
				D1074DBC2A38F9BB00906579 /* UpcomingViewModel.swift in Sources */,
				D1074D822A36093300906579 /* BaseTabBarController.swift in Sources */,
				D14C36F12A42FCCA00F3554E /* BaseViewModel.swift in Sources */,
				D1074D882A36093400906579 /* tmbdAPI.xcdatamodeld in Sources */,
				D1074DC42A38FC2B00906579 /* HomeViewModel.swift in Sources */,
				D14C36F42A430D0300F3554E /* CellModel.swift in Sources */,
				D1F048862A40FF38005D6965 /* PopularMovies.swift in Sources */,
				D1074D7E2A36093300906579 /* AppDelegate.swift in Sources */,
				D14C36FF2A4353B100F3554E /* SearchResponse.swift in Sources */,
				D1F048812A40FE67005D6965 /* NowPlayingMoviesResults.swift in Sources */,
				D1F048AB2A410483005D6965 /* MovieKeywords.swift in Sources */,
				D14C37262A44404100F3554E /* ServiceError.swift in Sources */,
				D1F048992A4101FF005D6965 /* ProductionCompany.swift in Sources */,
				D1F048B02A410592005D6965 /* MovieRecommendations.swift in Sources */,
				D11D5CED2A4F26B000D4D194 /* ActorDetailViewController.swift in Sources */,
				D1F048B32A410607005D6965 /* SimilarMovieResults.swift in Sources */,
				D1F048B52A410626005D6965 /* SimilarMovies.swift in Sources */,
				D1F048832A40FE99005D6965 /* Date.swift in Sources */,
				D11D5CE62A4F0D0C00D4D194 /* ProfileViewModel.swift in Sources */,
				D1074DBA2A38F9AF00906579 /* UpcomingViewController.swift in Sources */,
				D1F0489B2A41022E005D6965 /* ProductionCountry.swift in Sources */,
				D11D5CFB2A4F492400D4D194 /* PersonsMoviesCrew.swift in Sources */,
				D1F048882A40FF5D005D6965 /* PopularMoviesResults.swift in Sources */,
				D1F048742A3E10FF005D6965 /* HeaderView.swift in Sources */,
				D1F048A22A41038E005D6965 /* Cast.swift in Sources */,
				D14C37222A443F5200F3554E /* BaseSceneDelegate.swift in Sources */,
				D14C370D2A43ADD200F3554E /* DetailInfoView.swift in Sources */,
				D1A176CC2A3DE9A4000D24E2 /* MoviesCollectionViewCell.swift in Sources */,
				D1F048632A3DF05B005D6965 /* CollectionTableViewCell.swift in Sources */,
				D1F048912A4100C2005D6965 /* UpcomingMovies.swift in Sources */,
				D11D5CE12A4E1F3A00D4D194 /* LoggedUser.swift in Sources */,
				D1F0487A2A3F501C005D6965 /* UIView+Ext.swift in Sources */,
				D1F048A92A410453005D6965 /* Keyword.swift in Sources */,
				D11D5CEF2A4F26C300D4D194 /* ActorDetailViewModel.swift in Sources */,
				D1F0487C2A40ED45005D6965 /* NetworkServices.swift in Sources */,
				D11D5CD32A4CE8CA00D4D194 /* SignUpViewModel.swift in Sources */,
				D1074DD72A390DAC00906579 /* SearchViewModel.swift in Sources */,
				D1074DD52A390DA100906579 /* SearchViewController.swift in Sources */,
				D11D5CFD2A4F494D00D4D194 /* PersonMovies.swift in Sources */,
				D14C36ED2A42FC6200F3554E /* BaseViewController.swift in Sources */,
				D11D5CCA2A4CCD1200D4D194 /* LoginViewController.swift in Sources */,
				D1F048932A4100ED005D6965 /* UpcomingMoviesResults.swift in Sources */,
				D1074DC22A38FC2100906579 /* HomeViewController.swift in Sources */,
				D1F048A42A4103BA005D6965 /* Crew.swift in Sources */,
				D14C37202A43DB4F00F3554E /* BelongToCollection.swift in Sources */,
				D11D5CD82A4DD46200D4D194 /* TextFieldView.swift in Sources */,
				D11D5CDF2A4E1EBE00D4D194 /* UserDefaults+Ext.swift in Sources */,
				D11D5CF52A4F462D00D4D194 /* PersonDetail.swift in Sources */,
				D14C36F62A430D6900F3554E /* CellModelItems.swift in Sources */,
				D14C371D2A43C28F00F3554E /* CastCollectionViewCell.swift in Sources */,
				D1F048972A4101D4005D6965 /* Genre.swift in Sources */,
				D1F0487F2A40FE0A005D6965 /* NowPlayingMovies.swift in Sources */,
				D14C37242A443F8400F3554E /* NetworkMonitor.swift in Sources */,
				D11D5CF92A4F48F200D4D194 /* PersonsMoviesCasts.swift in Sources */,
				D1F0489D2A41024F005D6965 /* SpokenLanguage.swift in Sources */,
				D11D5CCC2A4CCD2000D4D194 /* LoginViewModel.swift in Sources */,
				D14C36FA2A4343A600F3554E /* UIColor+Ext.swift in Sources */,
				D1F048A62A4103E4005D6965 /* MovieCredits.swift in Sources */,
				D1F048AE2A410562005D6965 /* RecommendationResults.swift in Sources */,
				D14C36FD2A43538700F3554E /* SearchedMoviesResults.swift in Sources */,
				D1074D802A36093300906579 /* SceneDelegate.swift in Sources */,
				D1F048672A3DF251005D6965 /* UIViewController+Ext.swift in Sources */,
				D14C36F82A432FDD00F3554E /* UIImageView+Ext.swift in Sources */,
				D1074DBE2A38F9CD00906579 /* DetailsViewController.swift in Sources */,
				D11D5CD12A4CE8BC00D4D194 /* SignUpViewController.swift in Sources */,
				D1F0489F2A410273005D6965 /* MovieDetail.swift in Sources */,
				D17BC9442A3913330071B9A2 /* DetailedTableViewCell.swift in Sources */,
				D1F0488B2A41000B005D6965 /* TopRatedMovies.swift in Sources */,
				D11D5CE42A4F0D0000D4D194 /* ProfileViewController.swift in Sources */,
				D1F048782A3F4EE2005D6965 /* String+Ext.swift in Sources */,
				D1074DC02A38F9D700906579 /* DetailsViewModel.swift in Sources */,
			);
			runOnlyForDeploymentPostprocessing = 0;
		};
		D1074D8F2A36093500906579 /* Sources */ = {
			isa = PBXSourcesBuildPhase;
			buildActionMask = 2147483647;
			files = (
				D1074D982A36093500906579 /* tmbdAPITests.swift in Sources */,
			);
			runOnlyForDeploymentPostprocessing = 0;
		};
		D1074D992A36093500906579 /* Sources */ = {
			isa = PBXSourcesBuildPhase;
			buildActionMask = 2147483647;
			files = (
				D1074DA42A36093500906579 /* tmbdAPIUITestsLaunchTests.swift in Sources */,
				D1074DA22A36093500906579 /* tmbdAPIUITests.swift in Sources */,
			);
			runOnlyForDeploymentPostprocessing = 0;
		};
/* End PBXSourcesBuildPhase section */

/* Begin PBXTargetDependency section */
		D1074D952A36093500906579 /* PBXTargetDependency */ = {
			isa = PBXTargetDependency;
			target = D1074D792A36093300906579 /* tmbdAPI */;
			targetProxy = D1074D942A36093500906579 /* PBXContainerItemProxy */;
		};
		D1074D9F2A36093500906579 /* PBXTargetDependency */ = {
			isa = PBXTargetDependency;
			target = D1074D792A36093300906579 /* tmbdAPI */;
			targetProxy = D1074D9E2A36093500906579 /* PBXContainerItemProxy */;
		};
/* End PBXTargetDependency section */

/* Begin PBXVariantGroup section */
		D1074D832A36093400906579 /* Main.storyboard */ = {
			isa = PBXVariantGroup;
			children = (
				D1074D842A36093400906579 /* Base */,
			);
			name = Main.storyboard;
			sourceTree = "<group>";
		};
		D1074D8B2A36093500906579 /* LaunchScreen.storyboard */ = {
			isa = PBXVariantGroup;
			children = (
				D1074D8C2A36093500906579 /* Base */,
			);
			name = LaunchScreen.storyboard;
			sourceTree = "<group>";
		};
/* End PBXVariantGroup section */

/* Begin XCBuildConfiguration section */
		D1074DA52A36093500906579 /* Debug */ = {
			isa = XCBuildConfiguration;
			buildSettings = {
				ALWAYS_SEARCH_USER_PATHS = NO;
				CLANG_ANALYZER_NONNULL = YES;
				CLANG_ANALYZER_NUMBER_OBJECT_CONVERSION = YES_AGGRESSIVE;
				CLANG_CXX_LANGUAGE_STANDARD = "gnu++20";
				CLANG_ENABLE_MODULES = YES;
				CLANG_ENABLE_OBJC_ARC = YES;
				CLANG_ENABLE_OBJC_WEAK = YES;
				CLANG_WARN_BLOCK_CAPTURE_AUTORELEASING = YES;
				CLANG_WARN_BOOL_CONVERSION = YES;
				CLANG_WARN_COMMA = YES;
				CLANG_WARN_CONSTANT_CONVERSION = YES;
				CLANG_WARN_DEPRECATED_OBJC_IMPLEMENTATIONS = YES;
				CLANG_WARN_DIRECT_OBJC_ISA_USAGE = YES_ERROR;
				CLANG_WARN_DOCUMENTATION_COMMENTS = YES;
				CLANG_WARN_EMPTY_BODY = YES;
				CLANG_WARN_ENUM_CONVERSION = YES;
				CLANG_WARN_INFINITE_RECURSION = YES;
				CLANG_WARN_INT_CONVERSION = YES;
				CLANG_WARN_NON_LITERAL_NULL_CONVERSION = YES;
				CLANG_WARN_OBJC_IMPLICIT_RETAIN_SELF = YES;
				CLANG_WARN_OBJC_LITERAL_CONVERSION = YES;
				CLANG_WARN_OBJC_ROOT_CLASS = YES_ERROR;
				CLANG_WARN_QUOTED_INCLUDE_IN_FRAMEWORK_HEADER = YES;
				CLANG_WARN_RANGE_LOOP_ANALYSIS = YES;
				CLANG_WARN_STRICT_PROTOTYPES = YES;
				CLANG_WARN_SUSPICIOUS_MOVE = YES;
				CLANG_WARN_UNGUARDED_AVAILABILITY = YES_AGGRESSIVE;
				CLANG_WARN_UNREACHABLE_CODE = YES;
				CLANG_WARN__DUPLICATE_METHOD_MATCH = YES;
				COPY_PHASE_STRIP = NO;
				DEBUG_INFORMATION_FORMAT = dwarf;
				ENABLE_STRICT_OBJC_MSGSEND = YES;
				ENABLE_TESTABILITY = YES;
				GCC_C_LANGUAGE_STANDARD = gnu11;
				GCC_DYNAMIC_NO_PIC = NO;
				GCC_NO_COMMON_BLOCKS = YES;
				GCC_OPTIMIZATION_LEVEL = 0;
				GCC_PREPROCESSOR_DEFINITIONS = (
					"DEBUG=1",
					"$(inherited)",
				);
				GCC_WARN_64_TO_32_BIT_CONVERSION = YES;
				GCC_WARN_ABOUT_RETURN_TYPE = YES_ERROR;
				GCC_WARN_UNDECLARED_SELECTOR = YES;
				GCC_WARN_UNINITIALIZED_AUTOS = YES_AGGRESSIVE;
				GCC_WARN_UNUSED_FUNCTION = YES;
				GCC_WARN_UNUSED_VARIABLE = YES;
				IPHONEOS_DEPLOYMENT_TARGET = 16.4;
				MTL_ENABLE_DEBUG_INFO = INCLUDE_SOURCE;
				MTL_FAST_MATH = YES;
				ONLY_ACTIVE_ARCH = YES;
				SDKROOT = iphoneos;
				SWIFT_ACTIVE_COMPILATION_CONDITIONS = DEBUG;
				SWIFT_OPTIMIZATION_LEVEL = "-Onone";
			};
			name = Debug;
		};
		D1074DA62A36093500906579 /* Release */ = {
			isa = XCBuildConfiguration;
			buildSettings = {
				ALWAYS_SEARCH_USER_PATHS = NO;
				CLANG_ANALYZER_NONNULL = YES;
				CLANG_ANALYZER_NUMBER_OBJECT_CONVERSION = YES_AGGRESSIVE;
				CLANG_CXX_LANGUAGE_STANDARD = "gnu++20";
				CLANG_ENABLE_MODULES = YES;
				CLANG_ENABLE_OBJC_ARC = YES;
				CLANG_ENABLE_OBJC_WEAK = YES;
				CLANG_WARN_BLOCK_CAPTURE_AUTORELEASING = YES;
				CLANG_WARN_BOOL_CONVERSION = YES;
				CLANG_WARN_COMMA = YES;
				CLANG_WARN_CONSTANT_CONVERSION = YES;
				CLANG_WARN_DEPRECATED_OBJC_IMPLEMENTATIONS = YES;
				CLANG_WARN_DIRECT_OBJC_ISA_USAGE = YES_ERROR;
				CLANG_WARN_DOCUMENTATION_COMMENTS = YES;
				CLANG_WARN_EMPTY_BODY = YES;
				CLANG_WARN_ENUM_CONVERSION = YES;
				CLANG_WARN_INFINITE_RECURSION = YES;
				CLANG_WARN_INT_CONVERSION = YES;
				CLANG_WARN_NON_LITERAL_NULL_CONVERSION = YES;
				CLANG_WARN_OBJC_IMPLICIT_RETAIN_SELF = YES;
				CLANG_WARN_OBJC_LITERAL_CONVERSION = YES;
				CLANG_WARN_OBJC_ROOT_CLASS = YES_ERROR;
				CLANG_WARN_QUOTED_INCLUDE_IN_FRAMEWORK_HEADER = YES;
				CLANG_WARN_RANGE_LOOP_ANALYSIS = YES;
				CLANG_WARN_STRICT_PROTOTYPES = YES;
				CLANG_WARN_SUSPICIOUS_MOVE = YES;
				CLANG_WARN_UNGUARDED_AVAILABILITY = YES_AGGRESSIVE;
				CLANG_WARN_UNREACHABLE_CODE = YES;
				CLANG_WARN__DUPLICATE_METHOD_MATCH = YES;
				COPY_PHASE_STRIP = NO;
				DEBUG_INFORMATION_FORMAT = "dwarf-with-dsym";
				ENABLE_NS_ASSERTIONS = NO;
				ENABLE_STRICT_OBJC_MSGSEND = YES;
				GCC_C_LANGUAGE_STANDARD = gnu11;
				GCC_NO_COMMON_BLOCKS = YES;
				GCC_WARN_64_TO_32_BIT_CONVERSION = YES;
				GCC_WARN_ABOUT_RETURN_TYPE = YES_ERROR;
				GCC_WARN_UNDECLARED_SELECTOR = YES;
				GCC_WARN_UNINITIALIZED_AUTOS = YES_AGGRESSIVE;
				GCC_WARN_UNUSED_FUNCTION = YES;
				GCC_WARN_UNUSED_VARIABLE = YES;
				IPHONEOS_DEPLOYMENT_TARGET = 16.4;
				MTL_ENABLE_DEBUG_INFO = NO;
				MTL_FAST_MATH = YES;
				SDKROOT = iphoneos;
				SWIFT_COMPILATION_MODE = wholemodule;
				SWIFT_OPTIMIZATION_LEVEL = "-O";
				VALIDATE_PRODUCT = YES;
			};
			name = Release;
		};
		D1074DA82A36093500906579 /* Debug */ = {
			isa = XCBuildConfiguration;
			baseConfigurationReference = C25FC9E60CE6688C9C57ED3A /* Pods-tmbdAPI.debug.xcconfig */;
			buildSettings = {
				ASSETCATALOG_COMPILER_APPICON_NAME = AppIcon;
				ASSETCATALOG_COMPILER_GLOBAL_ACCENT_COLOR_NAME = AccentColor;
				CODE_SIGN_STYLE = Automatic;
				CURRENT_PROJECT_VERSION = 1;
				DEVELOPMENT_TEAM = N9KA4ZJ6RM;
				GENERATE_INFOPLIST_FILE = YES;
				INFOPLIST_FILE = tmbdAPI/Info.plist;
				INFOPLIST_KEY_UIApplicationSupportsIndirectInputEvents = YES;
				INFOPLIST_KEY_UILaunchStoryboardName = LaunchScreen;
				INFOPLIST_KEY_UIMainStoryboardFile = Main;
				INFOPLIST_KEY_UISupportedInterfaceOrientations_iPad = "UIInterfaceOrientationPortrait UIInterfaceOrientationPortraitUpsideDown UIInterfaceOrientationLandscapeLeft UIInterfaceOrientationLandscapeRight";
				INFOPLIST_KEY_UISupportedInterfaceOrientations_iPhone = "UIInterfaceOrientationPortrait UIInterfaceOrientationLandscapeLeft UIInterfaceOrientationLandscapeRight";
				LD_RUNPATH_SEARCH_PATHS = (
					"$(inherited)",
					"@executable_path/Frameworks",
				);
				MARKETING_VERSION = 1.0;
				PRODUCT_BUNDLE_IDENTIFIER = ealpago.tmbdAPI;
				PRODUCT_NAME = "$(TARGET_NAME)";
				SWIFT_EMIT_LOC_STRINGS = YES;
				SWIFT_VERSION = 5.0;
				TARGETED_DEVICE_FAMILY = "1,2";
			};
			name = Debug;
		};
		D1074DA92A36093500906579 /* Release */ = {
			isa = XCBuildConfiguration;
			baseConfigurationReference = 7C3B5F9AAC379584F3A345BB /* Pods-tmbdAPI.release.xcconfig */;
			buildSettings = {
				ASSETCATALOG_COMPILER_APPICON_NAME = AppIcon;
				ASSETCATALOG_COMPILER_GLOBAL_ACCENT_COLOR_NAME = AccentColor;
				CODE_SIGN_STYLE = Automatic;
				CURRENT_PROJECT_VERSION = 1;
				DEVELOPMENT_TEAM = N9KA4ZJ6RM;
				GENERATE_INFOPLIST_FILE = YES;
				INFOPLIST_FILE = tmbdAPI/Info.plist;
				INFOPLIST_KEY_UIApplicationSupportsIndirectInputEvents = YES;
				INFOPLIST_KEY_UILaunchStoryboardName = LaunchScreen;
				INFOPLIST_KEY_UIMainStoryboardFile = Main;
				INFOPLIST_KEY_UISupportedInterfaceOrientations_iPad = "UIInterfaceOrientationPortrait UIInterfaceOrientationPortraitUpsideDown UIInterfaceOrientationLandscapeLeft UIInterfaceOrientationLandscapeRight";
				INFOPLIST_KEY_UISupportedInterfaceOrientations_iPhone = "UIInterfaceOrientationPortrait UIInterfaceOrientationLandscapeLeft UIInterfaceOrientationLandscapeRight";
				LD_RUNPATH_SEARCH_PATHS = (
					"$(inherited)",
					"@executable_path/Frameworks",
				);
				MARKETING_VERSION = 1.0;
				PRODUCT_BUNDLE_IDENTIFIER = ealpago.tmbdAPI;
				PRODUCT_NAME = "$(TARGET_NAME)";
				SWIFT_EMIT_LOC_STRINGS = YES;
				SWIFT_VERSION = 5.0;
				TARGETED_DEVICE_FAMILY = "1,2";
			};
			name = Release;
		};
		D1074DAB2A36093500906579 /* Debug */ = {
			isa = XCBuildConfiguration;
			baseConfigurationReference = E3E427E0C7C4F22A5771A8B8 /* Pods-tmbdAPITests.debug.xcconfig */;
			buildSettings = {
				ALWAYS_EMBED_SWIFT_STANDARD_LIBRARIES = YES;
				BUNDLE_LOADER = "$(TEST_HOST)";
				CODE_SIGN_STYLE = Automatic;
				CURRENT_PROJECT_VERSION = 1;
				DEVELOPMENT_TEAM = N9KA4ZJ6RM;
				GENERATE_INFOPLIST_FILE = YES;
				IPHONEOS_DEPLOYMENT_TARGET = 16.4;
				MARKETING_VERSION = 1.0;
				PRODUCT_BUNDLE_IDENTIFIER = ealpago.tmbdAPITests;
				PRODUCT_NAME = "$(TARGET_NAME)";
				SWIFT_EMIT_LOC_STRINGS = NO;
				SWIFT_VERSION = 5.0;
				TARGETED_DEVICE_FAMILY = "1,2";
				TEST_HOST = "$(BUILT_PRODUCTS_DIR)/tmbdAPI.app/$(BUNDLE_EXECUTABLE_FOLDER_PATH)/tmbdAPI";
			};
			name = Debug;
		};
		D1074DAC2A36093500906579 /* Release */ = {
			isa = XCBuildConfiguration;
			baseConfigurationReference = 555AA9B6BA4090008E6A9078 /* Pods-tmbdAPITests.release.xcconfig */;
			buildSettings = {
				ALWAYS_EMBED_SWIFT_STANDARD_LIBRARIES = YES;
				BUNDLE_LOADER = "$(TEST_HOST)";
				CODE_SIGN_STYLE = Automatic;
				CURRENT_PROJECT_VERSION = 1;
				DEVELOPMENT_TEAM = N9KA4ZJ6RM;
				GENERATE_INFOPLIST_FILE = YES;
				IPHONEOS_DEPLOYMENT_TARGET = 16.4;
				MARKETING_VERSION = 1.0;
				PRODUCT_BUNDLE_IDENTIFIER = ealpago.tmbdAPITests;
				PRODUCT_NAME = "$(TARGET_NAME)";
				SWIFT_EMIT_LOC_STRINGS = NO;
				SWIFT_VERSION = 5.0;
				TARGETED_DEVICE_FAMILY = "1,2";
				TEST_HOST = "$(BUILT_PRODUCTS_DIR)/tmbdAPI.app/$(BUNDLE_EXECUTABLE_FOLDER_PATH)/tmbdAPI";
			};
			name = Release;
		};
		D1074DAE2A36093500906579 /* Debug */ = {
			isa = XCBuildConfiguration;
			baseConfigurationReference = CDB3C8629D408B83B697541E /* Pods-tmbdAPI-tmbdAPIUITests.debug.xcconfig */;
			buildSettings = {
				ALWAYS_EMBED_SWIFT_STANDARD_LIBRARIES = YES;
				CODE_SIGN_STYLE = Automatic;
				CURRENT_PROJECT_VERSION = 1;
				DEVELOPMENT_TEAM = N9KA4ZJ6RM;
				GENERATE_INFOPLIST_FILE = YES;
				MARKETING_VERSION = 1.0;
				PRODUCT_BUNDLE_IDENTIFIER = ealpago.tmbdAPIUITests;
				PRODUCT_NAME = "$(TARGET_NAME)";
				SWIFT_EMIT_LOC_STRINGS = NO;
				SWIFT_VERSION = 5.0;
				TARGETED_DEVICE_FAMILY = "1,2";
				TEST_TARGET_NAME = tmbdAPI;
			};
			name = Debug;
		};
		D1074DAF2A36093500906579 /* Release */ = {
			isa = XCBuildConfiguration;
			baseConfigurationReference = 2FEB8DC1A7E568FD5E450F60 /* Pods-tmbdAPI-tmbdAPIUITests.release.xcconfig */;
			buildSettings = {
				ALWAYS_EMBED_SWIFT_STANDARD_LIBRARIES = YES;
				CODE_SIGN_STYLE = Automatic;
				CURRENT_PROJECT_VERSION = 1;
				DEVELOPMENT_TEAM = N9KA4ZJ6RM;
				GENERATE_INFOPLIST_FILE = YES;
				MARKETING_VERSION = 1.0;
				PRODUCT_BUNDLE_IDENTIFIER = ealpago.tmbdAPIUITests;
				PRODUCT_NAME = "$(TARGET_NAME)";
				SWIFT_EMIT_LOC_STRINGS = NO;
				SWIFT_VERSION = 5.0;
				TARGETED_DEVICE_FAMILY = "1,2";
				TEST_TARGET_NAME = tmbdAPI;
			};
			name = Release;
		};
/* End XCBuildConfiguration section */

/* Begin XCConfigurationList section */
		D1074D752A36093300906579 /* Build configuration list for PBXProject "tmbdAPI" */ = {
			isa = XCConfigurationList;
			buildConfigurations = (
				D1074DA52A36093500906579 /* Debug */,
				D1074DA62A36093500906579 /* Release */,
			);
			defaultConfigurationIsVisible = 0;
			defaultConfigurationName = Release;
		};
		D1074DA72A36093500906579 /* Build configuration list for PBXNativeTarget "tmbdAPI" */ = {
			isa = XCConfigurationList;
			buildConfigurations = (
				D1074DA82A36093500906579 /* Debug */,
				D1074DA92A36093500906579 /* Release */,
			);
			defaultConfigurationIsVisible = 0;
			defaultConfigurationName = Release;
		};
		D1074DAA2A36093500906579 /* Build configuration list for PBXNativeTarget "tmbdAPITests" */ = {
			isa = XCConfigurationList;
			buildConfigurations = (
				D1074DAB2A36093500906579 /* Debug */,
				D1074DAC2A36093500906579 /* Release */,
			);
			defaultConfigurationIsVisible = 0;
			defaultConfigurationName = Release;
		};
		D1074DAD2A36093500906579 /* Build configuration list for PBXNativeTarget "tmbdAPIUITests" */ = {
			isa = XCConfigurationList;
			buildConfigurations = (
				D1074DAE2A36093500906579 /* Debug */,
				D1074DAF2A36093500906579 /* Release */,
			);
			defaultConfigurationIsVisible = 0;
			defaultConfigurationName = Release;
		};
/* End XCConfigurationList section */

/* Begin XCRemoteSwiftPackageReference section */
		D11D5C912A4B81E200D4D194 /* XCRemoteSwiftPackageReference "firebase-ios-sdk" */ = {
			isa = XCRemoteSwiftPackageReference;
			repositoryURL = "https://github.com/firebase/firebase-ios-sdk";
			requirement = {
				kind = upToNextMajorVersion;
				minimumVersion = 10.0.0;
			};
		};
/* End XCRemoteSwiftPackageReference section */

/* Begin XCSwiftPackageProductDependency section */
		D11D5C922A4B81E300D4D194 /* FirebaseAnalytics */ = {
			isa = XCSwiftPackageProductDependency;
			package = D11D5C912A4B81E200D4D194 /* XCRemoteSwiftPackageReference "firebase-ios-sdk" */;
			productName = FirebaseAnalytics;
		};
		D11D5C942A4B81E300D4D194 /* FirebaseAnalyticsOnDeviceConversion */ = {
			isa = XCSwiftPackageProductDependency;
			package = D11D5C912A4B81E200D4D194 /* XCRemoteSwiftPackageReference "firebase-ios-sdk" */;
			productName = FirebaseAnalyticsOnDeviceConversion;
		};
		D11D5C962A4B81E300D4D194 /* FirebaseAnalyticsSwift */ = {
			isa = XCSwiftPackageProductDependency;
			package = D11D5C912A4B81E200D4D194 /* XCRemoteSwiftPackageReference "firebase-ios-sdk" */;
			productName = FirebaseAnalyticsSwift;
		};
		D11D5C982A4B81E300D4D194 /* FirebaseAnalyticsWithoutAdIdSupport */ = {
			isa = XCSwiftPackageProductDependency;
			package = D11D5C912A4B81E200D4D194 /* XCRemoteSwiftPackageReference "firebase-ios-sdk" */;
			productName = FirebaseAnalyticsWithoutAdIdSupport;
		};
		D11D5C9A2A4B81E300D4D194 /* FirebaseAppCheck */ = {
			isa = XCSwiftPackageProductDependency;
			package = D11D5C912A4B81E200D4D194 /* XCRemoteSwiftPackageReference "firebase-ios-sdk" */;
			productName = FirebaseAppCheck;
		};
		D11D5C9C2A4B81E300D4D194 /* FirebaseAppDistribution-Beta */ = {
			isa = XCSwiftPackageProductDependency;
			package = D11D5C912A4B81E200D4D194 /* XCRemoteSwiftPackageReference "firebase-ios-sdk" */;
			productName = "FirebaseAppDistribution-Beta";
		};
		D11D5C9E2A4B81E300D4D194 /* FirebaseAuth */ = {
			isa = XCSwiftPackageProductDependency;
			package = D11D5C912A4B81E200D4D194 /* XCRemoteSwiftPackageReference "firebase-ios-sdk" */;
			productName = FirebaseAuth;
		};
		D11D5CA02A4B81E300D4D194 /* FirebaseAuthCombine-Community */ = {
			isa = XCSwiftPackageProductDependency;
			package = D11D5C912A4B81E200D4D194 /* XCRemoteSwiftPackageReference "firebase-ios-sdk" */;
			productName = "FirebaseAuthCombine-Community";
		};
		D11D5CA22A4B81E300D4D194 /* FirebaseCrashlytics */ = {
			isa = XCSwiftPackageProductDependency;
			package = D11D5C912A4B81E200D4D194 /* XCRemoteSwiftPackageReference "firebase-ios-sdk" */;
			productName = FirebaseCrashlytics;
		};
		D11D5CA42A4B81E300D4D194 /* FirebaseDatabase */ = {
			isa = XCSwiftPackageProductDependency;
			package = D11D5C912A4B81E200D4D194 /* XCRemoteSwiftPackageReference "firebase-ios-sdk" */;
			productName = FirebaseDatabase;
		};
		D11D5CA62A4B81E300D4D194 /* FirebaseDatabaseSwift */ = {
			isa = XCSwiftPackageProductDependency;
			package = D11D5C912A4B81E200D4D194 /* XCRemoteSwiftPackageReference "firebase-ios-sdk" */;
			productName = FirebaseDatabaseSwift;
		};
		D11D5CA82A4B81E300D4D194 /* FirebaseDynamicLinks */ = {
			isa = XCSwiftPackageProductDependency;
			package = D11D5C912A4B81E200D4D194 /* XCRemoteSwiftPackageReference "firebase-ios-sdk" */;
			productName = FirebaseDynamicLinks;
		};
		D11D5CAA2A4B81E300D4D194 /* FirebaseFirestore */ = {
			isa = XCSwiftPackageProductDependency;
			package = D11D5C912A4B81E200D4D194 /* XCRemoteSwiftPackageReference "firebase-ios-sdk" */;
			productName = FirebaseFirestore;
		};
		D11D5CAC2A4B81E300D4D194 /* FirebaseFirestoreCombine-Community */ = {
			isa = XCSwiftPackageProductDependency;
			package = D11D5C912A4B81E200D4D194 /* XCRemoteSwiftPackageReference "firebase-ios-sdk" */;
			productName = "FirebaseFirestoreCombine-Community";
		};
		D11D5CAE2A4B81E300D4D194 /* FirebaseFirestoreSwift */ = {
			isa = XCSwiftPackageProductDependency;
			package = D11D5C912A4B81E200D4D194 /* XCRemoteSwiftPackageReference "firebase-ios-sdk" */;
			productName = FirebaseFirestoreSwift;
		};
		D11D5CB02A4B81E300D4D194 /* FirebaseFunctions */ = {
			isa = XCSwiftPackageProductDependency;
			package = D11D5C912A4B81E200D4D194 /* XCRemoteSwiftPackageReference "firebase-ios-sdk" */;
			productName = FirebaseFunctions;
		};
		D11D5CB22A4B81E300D4D194 /* FirebaseFunctionsCombine-Community */ = {
			isa = XCSwiftPackageProductDependency;
			package = D11D5C912A4B81E200D4D194 /* XCRemoteSwiftPackageReference "firebase-ios-sdk" */;
			productName = "FirebaseFunctionsCombine-Community";
		};
		D11D5CB42A4B81E300D4D194 /* FirebaseInAppMessaging-Beta */ = {
			isa = XCSwiftPackageProductDependency;
			package = D11D5C912A4B81E200D4D194 /* XCRemoteSwiftPackageReference "firebase-ios-sdk" */;
			productName = "FirebaseInAppMessaging-Beta";
		};
		D11D5CB62A4B81E300D4D194 /* FirebaseInAppMessagingSwift-Beta */ = {
			isa = XCSwiftPackageProductDependency;
			package = D11D5C912A4B81E200D4D194 /* XCRemoteSwiftPackageReference "firebase-ios-sdk" */;
			productName = "FirebaseInAppMessagingSwift-Beta";
		};
		D11D5CB82A4B81E300D4D194 /* FirebaseInstallations */ = {
			isa = XCSwiftPackageProductDependency;
			package = D11D5C912A4B81E200D4D194 /* XCRemoteSwiftPackageReference "firebase-ios-sdk" */;
			productName = FirebaseInstallations;
		};
		D11D5CBA2A4B81E300D4D194 /* FirebaseMLModelDownloader */ = {
			isa = XCSwiftPackageProductDependency;
			package = D11D5C912A4B81E200D4D194 /* XCRemoteSwiftPackageReference "firebase-ios-sdk" */;
			productName = FirebaseMLModelDownloader;
		};
		D11D5CBC2A4B81E300D4D194 /* FirebaseMessaging */ = {
			isa = XCSwiftPackageProductDependency;
			package = D11D5C912A4B81E200D4D194 /* XCRemoteSwiftPackageReference "firebase-ios-sdk" */;
			productName = FirebaseMessaging;
		};
		D11D5CBE2A4B81E300D4D194 /* FirebasePerformance */ = {
			isa = XCSwiftPackageProductDependency;
			package = D11D5C912A4B81E200D4D194 /* XCRemoteSwiftPackageReference "firebase-ios-sdk" */;
			productName = FirebasePerformance;
		};
		D11D5CC02A4B81E300D4D194 /* FirebaseRemoteConfig */ = {
			isa = XCSwiftPackageProductDependency;
			package = D11D5C912A4B81E200D4D194 /* XCRemoteSwiftPackageReference "firebase-ios-sdk" */;
			productName = FirebaseRemoteConfig;
		};
		D11D5CC22A4B81E300D4D194 /* FirebaseRemoteConfigSwift */ = {
			isa = XCSwiftPackageProductDependency;
			package = D11D5C912A4B81E200D4D194 /* XCRemoteSwiftPackageReference "firebase-ios-sdk" */;
			productName = FirebaseRemoteConfigSwift;
		};
		D11D5CC42A4B81E300D4D194 /* FirebaseStorage */ = {
			isa = XCSwiftPackageProductDependency;
			package = D11D5C912A4B81E200D4D194 /* XCRemoteSwiftPackageReference "firebase-ios-sdk" */;
			productName = FirebaseStorage;
		};
		D11D5CC62A4B81E300D4D194 /* FirebaseStorageCombine-Community */ = {
			isa = XCSwiftPackageProductDependency;
			package = D11D5C912A4B81E200D4D194 /* XCRemoteSwiftPackageReference "firebase-ios-sdk" */;
			productName = "FirebaseStorageCombine-Community";
		};
/* End XCSwiftPackageProductDependency section */

/* Begin XCVersionGroup section */
		D1074D862A36093400906579 /* tmbdAPI.xcdatamodeld */ = {
			isa = XCVersionGroup;
			children = (
				D1074D872A36093400906579 /* tmbdAPI.xcdatamodel */,
			);
			currentVersion = D1074D872A36093400906579 /* tmbdAPI.xcdatamodel */;
			path = tmbdAPI.xcdatamodeld;
			sourceTree = "<group>";
			versionGroupType = wrapper.xcdatamodel;
		};
/* End XCVersionGroup section */
	};
	rootObject = D1074D722A36093300906579 /* Project object */;
}
